// !$*UTF8*$!
{
	archiveVersion = 1;
	classes = {
	};
	objectVersion = 55;
	objects = {

/* Begin PBXBuildFile section */
		0313C01028A6F2A400076DD4 /* ViewModel.swift in Sources */ = {isa = PBXBuildFile; fileRef = 0313C00F28A6F2A400076DD4 /* ViewModel.swift */; };
		0313C01228A6F2F200076DD4 /* HomeViewModelProtocol.swift in Sources */ = {isa = PBXBuildFile; fileRef = 0313C01128A6F2F200076DD4 /* HomeViewModelProtocol.swift */; };
		0313C01628A6FA9C00076DD4 /* ExecutionResultView.swift in Sources */ = {isa = PBXBuildFile; fileRef = 0313C01528A6FA9C00076DD4 /* ExecutionResultView.swift */; };
		0313C01A28A6FB8700076DD4 /* ExecutionInProgressView.swift in Sources */ = {isa = PBXBuildFile; fileRef = 0313C01928A6FB8700076DD4 /* ExecutionInProgressView.swift */; };
		0313FE3F285A2A0800415063 /* StartPage.strings in Resources */ = {isa = PBXBuildFile; fileRef = 0313FE41285A2A0800415063 /* StartPage.strings */; };
		0313FE45285A667200415063 /* R.generated.swift in Sources */ = {isa = PBXBuildFile; fileRef = 0313FE44285A667200415063 /* R.generated.swift */; };
		0313FE48285A687800415063 /* HomePage.strings in Resources */ = {isa = PBXBuildFile; fileRef = 0313FE46285A687800415063 /* HomePage.strings */; };
		0313FE4C285A7E6200415063 /* HomePageTabItem.swift in Sources */ = {isa = PBXBuildFile; fileRef = 0313FE4B285A7E6200415063 /* HomePageTabItem.swift */; };
		031CE0EC286CEFE400B4B74D /* RoundedCornersShape.swift in Sources */ = {isa = PBXBuildFile; fileRef = 031CE0EB286CEFE400B4B74D /* RoundedCornersShape.swift */; };
		032097AD285D23520076A601 /* HomePageProductsByCategoryView.swift in Sources */ = {isa = PBXBuildFile; fileRef = 032097AC285D23520076A601 /* HomePageProductsByCategoryView.swift */; };
		032097B0285D23D60076A601 /* ProductCardView.swift in Sources */ = {isa = PBXBuildFile; fileRef = 032097AF285D23D60076A601 /* ProductCardView.swift */; };
		032EF0CB289425FB00971BC3 /* Pack.swift in Sources */ = {isa = PBXBuildFile; fileRef = 032EF0CA289425FB00971BC3 /* Pack.swift */; };
		032EF0CD2894266F00971BC3 /* Price.swift in Sources */ = {isa = PBXBuildFile; fileRef = 032EF0CC2894266F00971BC3 /* Price.swift */; };
		032EF0CF2894276A00971BC3 /* StoreItem.swift in Sources */ = {isa = PBXBuildFile; fileRef = 032EF0CE2894276A00971BC3 /* StoreItem.swift */; };
		0333650529479683000D0FB2 /* EnvVariables.swift in Sources */ = {isa = PBXBuildFile; fileRef = 0333650429479683000D0FB2 /* EnvVariables.swift */; };
		033365092947A001000D0FB2 /* ApiRequest.swift in Sources */ = {isa = PBXBuildFile; fileRef = 033365082947A001000D0FB2 /* ApiRequest.swift */; };
		0333650C2947AA4D000D0FB2 /* ProductsEndpoints.swift in Sources */ = {isa = PBXBuildFile; fileRef = 0333650B2947AA4D000D0FB2 /* ProductsEndpoints.swift */; };
		0333650F2947BA9A000D0FB2 /* productsByCategory.json in Resources */ = {isa = PBXBuildFile; fileRef = 0333650E2947BA99000D0FB2 /* productsByCategory.json */; };
		033365112947BB1E000D0FB2 /* ApiMockLoader.swift in Sources */ = {isa = PBXBuildFile; fileRef = 033365102947BB1E000D0FB2 /* ApiMockLoader.swift */; };
		03359D1E2865E5C400A7621F /* IngredientCardView.swift in Sources */ = {isa = PBXBuildFile; fileRef = 03359D1D2865E5C400A7621F /* IngredientCardView.swift */; };
		03359D222865F9EE00A7621F /* UIColor+Extensions.swift in Sources */ = {isa = PBXBuildFile; fileRef = 03359D212865F9EE00A7621F /* UIColor+Extensions.swift */; };
		03359D2428660A3500A7621F /* ProductDetailDescriptionView.swift in Sources */ = {isa = PBXBuildFile; fileRef = 03359D2328660A3500A7621F /* ProductDetailDescriptionView.swift */; };
		03359D2628662AB100A7621F /* ProductDetailReadMoreView.swift in Sources */ = {isa = PBXBuildFile; fileRef = 03359D2528662AB100A7621F /* ProductDetailReadMoreView.swift */; };
		03359D28286632E900A7621F /* ProductDetailFooterView.swift in Sources */ = {isa = PBXBuildFile; fileRef = 03359D27286632E900A7621F /* ProductDetailFooterView.swift */; };
		03359D2A286634F700A7621F /* PriceText.swift in Sources */ = {isa = PBXBuildFile; fileRef = 03359D29286634F700A7621F /* PriceText.swift */; };
		03359D2C28664ABF00A7621F /* FixedBottomSheetView.swift in Sources */ = {isa = PBXBuildFile; fileRef = 03359D2B28664ABE00A7621F /* FixedBottomSheetView.swift */; };
		033A05C82943C1290087CE54 /* StoreItemCategory+Extensions.swift in Sources */ = {isa = PBXBuildFile; fileRef = 033A05C72943C1290087CE54 /* StoreItemCategory+Extensions.swift */; };
		033A05D02943C1FC0087CE54 /* StoreItemCategory.strings in Resources */ = {isa = PBXBuildFile; fileRef = 033A05D22943C1FC0087CE54 /* StoreItemCategory.strings */; };
		033A05D82943D1190087CE54 /* HomePageListView.swift in Sources */ = {isa = PBXBuildFile; fileRef = 033A05D72943D1190087CE54 /* HomePageListView.swift */; };
		033EF11A28736A3F0080F4BE /* ProductsApiService.swift in Sources */ = {isa = PBXBuildFile; fileRef = 033EF11928736A3F0080F4BE /* ProductsApiService.swift */; };
		033EF11C28736A4C0080F4BE /* ProductsApiServiceProtocol.swift in Sources */ = {isa = PBXBuildFile; fileRef = 033EF11B28736A4C0080F4BE /* ProductsApiServiceProtocol.swift */; };
		033FF23128B4458400FF620A /* ProductDetailViewModel.swift in Sources */ = {isa = PBXBuildFile; fileRef = 033FF23028B4458400FF620A /* ProductDetailViewModel.swift */; };
		033FF23328B4459200FF620A /* ProductDetailViewModelProtocol.swift in Sources */ = {isa = PBXBuildFile; fileRef = 033FF23228B4459200FF620A /* ProductDetailViewModelProtocol.swift */; };
		033FF23728B446EE00FF620A /* WithViewModel.swift in Sources */ = {isa = PBXBuildFile; fileRef = 033FF23628B446EE00FF620A /* WithViewModel.swift */; };
		033FF23B28B7ABE900FF620A /* HomeUseCaseProtocol.swift in Sources */ = {isa = PBXBuildFile; fileRef = 033FF23A28B7ABE900FF620A /* HomeUseCaseProtocol.swift */; };
		03479D2829490539009B13B1 /* ApiProductsMockUrlProtocol.swift in Sources */ = {isa = PBXBuildFile; fileRef = 03479D2729490539009B13B1 /* ApiProductsMockUrlProtocol.swift */; };
		03479D2A29490B48009B13B1 /* ApiCallMock.swift in Sources */ = {isa = PBXBuildFile; fileRef = 03479D2929490B48009B13B1 /* ApiCallMock.swift */; };
		035F42C62D170A3E00F4A7C4 /* View+Coordinator.swift in Sources */ = {isa = PBXBuildFile; fileRef = 035F42C52D170A3600F4A7C4 /* View+Coordinator.swift */; };
		03607A902938D46D0019EF5B /* Coordinator.swift in Sources */ = {isa = PBXBuildFile; fileRef = 03607A8F2938D46D0019EF5B /* Coordinator.swift */; };
		03607A942938D5F90019EF5B /* AppCoordinator.swift in Sources */ = {isa = PBXBuildFile; fileRef = 03607A932938D5F90019EF5B /* AppCoordinator.swift */; };
		0365888228528928009E10BC /* OutlinedButtonStyle.swift in Sources */ = {isa = PBXBuildFile; fileRef = 0365888128528928009E10BC /* OutlinedButtonStyle.swift */; };
		036588852853D7E0009E10BC /* StartPageBottomView.swift in Sources */ = {isa = PBXBuildFile; fileRef = 036588842853D7E0009E10BC /* StartPageBottomView.swift */; };
		036588882853D8C0009E10BC /* HomePage.swift in Sources */ = {isa = PBXBuildFile; fileRef = 036588872853D8C0009E10BC /* HomePage.swift */; };
		036BE9F9285DF67D004A90B6 /* Product.swift in Sources */ = {isa = PBXBuildFile; fileRef = 036BE9F8285DF67D004A90B6 /* Product.swift */; };
		036BE9FE285DFD58004A90B6 /* CircularBorderedProminentButtonStyle.swift in Sources */ = {isa = PBXBuildFile; fileRef = 036BE9FD285DFD58004A90B6 /* CircularBorderedProminentButtonStyle.swift */; };
		036BEA01285E0786004A90B6 /* InfoView.swift in Sources */ = {isa = PBXBuildFile; fileRef = 036BEA00285E0786004A90B6 /* InfoView.swift */; };
		036BEA03285E07EF004A90B6 /* FooterView.swift in Sources */ = {isa = PBXBuildFile; fileRef = 036BEA02285E07EF004A90B6 /* FooterView.swift */; };
		036BEA05285E08A4004A90B6 /* Color+Extensions.swift in Sources */ = {isa = PBXBuildFile; fileRef = 036BEA04285E08A4004A90B6 /* Color+Extensions.swift */; };
		0380AB2A2860B080003C6FBD /* HomePagePacksByCategoryView.swift in Sources */ = {isa = PBXBuildFile; fileRef = 0380AB292860B080003C6FBD /* HomePagePacksByCategoryView.swift */; };
		0380AB2C28625F53003C6FBD /* PackCardView.swift in Sources */ = {isa = PBXBuildFile; fileRef = 0380AB2B28625F53003C6FBD /* PackCardView.swift */; };
		0380AB2F28639D4A003C6FBD /* ProductDetailPage.swift in Sources */ = {isa = PBXBuildFile; fileRef = 0380AB2E28639D4A003C6FBD /* ProductDetailPage.swift */; };
		0380AB312863A2AB003C6FBD /* CategoryProductNameView.swift in Sources */ = {isa = PBXBuildFile; fileRef = 0380AB302863A2AB003C6FBD /* CategoryProductNameView.swift */; };
		038A7DC0294CFFB8000D4910 /* UseCase.swift in Sources */ = {isa = PBXBuildFile; fileRef = 038A7DBF294CFFB8000D4910 /* UseCase.swift */; };
		038A7DC2294D07C8000D4910 /* ApiService.swift in Sources */ = {isa = PBXBuildFile; fileRef = 038A7DC1294D07C8000D4910 /* ApiService.swift */; };
		038A7DC4294D07DA000D4910 /* Repository.swift in Sources */ = {isa = PBXBuildFile; fileRef = 038A7DC3294D07DA000D4910 /* Repository.swift */; };
		0396D8E1286E1FBD00BB9B2A /* UnitStepperView.swift in Sources */ = {isa = PBXBuildFile; fileRef = 0396D8E0286E1FBD00BB9B2A /* UnitStepperView.swift */; };
		0396D8E3286E32E300BB9B2A /* LargeButton.swift in Sources */ = {isa = PBXBuildFile; fileRef = 0396D8E2286E32E300BB9B2A /* LargeButton.swift */; };
		0396D8E6286E36C100BB9B2A /* CartService.swift in Sources */ = {isa = PBXBuildFile; fileRef = 0396D8E5286E36C100BB9B2A /* CartService.swift */; };
		0396D8E8286E390900BB9B2A /* CartItem.swift in Sources */ = {isa = PBXBuildFile; fileRef = 0396D8E7286E390900BB9B2A /* CartItem.swift */; };
		03B8E5C028B00736000B51A8 /* HomeRepositoryProtocol.swift in Sources */ = {isa = PBXBuildFile; fileRef = 03B8E5BF28B00736000B51A8 /* HomeRepositoryProtocol.swift */; };
		03B8E5C328B008F4000B51A8 /* HomeUseCase.swift in Sources */ = {isa = PBXBuildFile; fileRef = 03B8E5C228B008F4000B51A8 /* HomeUseCase.swift */; };
		03BB7FD0294A444100A46189 /* ApiRequestResponse.swift in Sources */ = {isa = PBXBuildFile; fileRef = 03BB7FCF294A444100A46189 /* ApiRequestResponse.swift */; };
		03BB7FD2294A5B6700A46189 /* ApiRequest+Extensions.swift in Sources */ = {isa = PBXBuildFile; fileRef = 03BB7FD1294A5B6700A46189 /* ApiRequest+Extensions.swift */; };
		03C1FA1028981A43007980EE /* HomeViewModel.swift in Sources */ = {isa = PBXBuildFile; fileRef = 03C1FA0F28981A43007980EE /* HomeViewModel.swift */; };
		03C1FA1328984E36007980EE /* ExecutionStatus.swift in Sources */ = {isa = PBXBuildFile; fileRef = 03C1FA1228984E36007980EE /* ExecutionStatus.swift */; };
		03C1FA162899B8E4007980EE /* HomeRepository.swift in Sources */ = {isa = PBXBuildFile; fileRef = 03C1FA152899B8E4007980EE /* HomeRepository.swift */; };
		03C1FA182899B915007980EE /* PacksApiServiceProtocol.swift in Sources */ = {isa = PBXBuildFile; fileRef = 03C1FA172899B915007980EE /* PacksApiServiceProtocol.swift */; };
		03C1FA1A2899B935007980EE /* PacksApiService.swift in Sources */ = {isa = PBXBuildFile; fileRef = 03C1FA192899B935007980EE /* PacksApiService.swift */; };
		03C45F06293A3CC000B341A5 /* StartViewModelProtocol.swift in Sources */ = {isa = PBXBuildFile; fileRef = 03C45F05293A3CC000B341A5 /* StartViewModelProtocol.swift */; };
		03C45F08293A3D4600B341A5 /* StartViewModel.swift in Sources */ = {isa = PBXBuildFile; fileRef = 03C45F07293A3D4600B341A5 /* StartViewModel.swift */; };
		03CF2EE7285F65850017E74B /* CardView.swift in Sources */ = {isa = PBXBuildFile; fileRef = 03CF2EE6285F65850017E74B /* CardView.swift */; };
		03D4941A2864B23B007D75D9 /* ProductDetailIngredientsView.swift in Sources */ = {isa = PBXBuildFile; fileRef = 03D494192864B23B007D75D9 /* ProductDetailIngredientsView.swift */; };
		03D4941D2864B26A007D75D9 /* ProductDetail.strings in Resources */ = {isa = PBXBuildFile; fileRef = 03D4941F2864B26A007D75D9 /* ProductDetail.strings */; };
		03E7E73E2D131868003FA0DD /* StartPageBuilder.swift in Sources */ = {isa = PBXBuildFile; fileRef = 03E7E73D2D131860003FA0DD /* StartPageBuilder.swift */; };
		03E7E7412D13191D003FA0DD /* ProductDetailBuilder.swift in Sources */ = {isa = PBXBuildFile; fileRef = 03E7E7402D131915003FA0DD /* ProductDetailBuilder.swift */; };
		03E7E7442D1319CF003FA0DD /* HomeBuilder.swift in Sources */ = {isa = PBXBuildFile; fileRef = 03E7E7432D1319CC003FA0DD /* HomeBuilder.swift */; };
		03E7E74B2D15E223003FA0DD /* AppNavigationStack.swift in Sources */ = {isa = PBXBuildFile; fileRef = 03E7E74A2D15E21F003FA0DD /* AppNavigationStack.swift */; };
		03F3459E28513230001D8BEC /* HairCareApp.swift in Sources */ = {isa = PBXBuildFile; fileRef = 03F3459D28513230001D8BEC /* HairCareApp.swift */; };
		03F345A228513233001D8BEC /* Assets.xcassets in Resources */ = {isa = PBXBuildFile; fileRef = 03F345A128513233001D8BEC /* Assets.xcassets */; };
		03F345A528513233001D8BEC /* Preview Assets.xcassets in Resources */ = {isa = PBXBuildFile; fileRef = 03F345A428513233001D8BEC /* Preview Assets.xcassets */; };
		03F345AF28513233001D8BEC /* HairCareTests.swift in Sources */ = {isa = PBXBuildFile; fileRef = 03F345AE28513233001D8BEC /* HairCareTests.swift */; };
		03F345B928513233001D8BEC /* HairCareUITests.swift in Sources */ = {isa = PBXBuildFile; fileRef = 03F345B828513233001D8BEC /* HairCareUITests.swift */; };
		03F345BB28513233001D8BEC /* HairCareUITestsLaunchTests.swift in Sources */ = {isa = PBXBuildFile; fileRef = 03F345BA28513233001D8BEC /* HairCareUITestsLaunchTests.swift */; };
		03F345C928513B51001D8BEC /* StartPage.swift in Sources */ = {isa = PBXBuildFile; fileRef = 03F345C828513B51001D8BEC /* StartPage.swift */; };
		03F345CE285231F1001D8BEC /* StartPageBackgroundView.swift in Sources */ = {isa = PBXBuildFile; fileRef = 03F345CD285231F1001D8BEC /* StartPageBackgroundView.swift */; };
		03F345D028523290001D8BEC /* BigLogoView.swift in Sources */ = {isa = PBXBuildFile; fileRef = 03F345CF28523290001D8BEC /* BigLogoView.swift */; };
		03F6A7DC2858BACD00172D91 /* ProfileImageView.swift in Sources */ = {isa = PBXBuildFile; fileRef = 03F6A7DB2858BACD00172D91 /* ProfileImageView.swift */; };
		03F6A7DE2858D73E00172D91 /* HomePageTabView.swift in Sources */ = {isa = PBXBuildFile; fileRef = 03F6A7DD2858D73E00172D91 /* HomePageTabView.swift */; };
		3E3EBA6CDBCF412825DDC89B /* Pods_HairCareTests.framework in Frameworks */ = {isa = PBXBuildFile; fileRef = 47603EAEEADBDD3F7B3C4C8C /* Pods_HairCareTests.framework */; };
		9628C3F1EE3767DA72BE2C5E /* Pods_HairCare_HairCareUITests.framework in Frameworks */ = {isa = PBXBuildFile; fileRef = 04FEBD3F9915A119B07D9703 /* Pods_HairCare_HairCareUITests.framework */; };
		E27353E457B2E1378061930E /* Pods_HairCare.framework in Frameworks */ = {isa = PBXBuildFile; fileRef = B555898CE5A2B5233A00B29D /* Pods_HairCare.framework */; };
/* End PBXBuildFile section */

/* Begin PBXContainerItemProxy section */
		03F345AB28513233001D8BEC /* PBXContainerItemProxy */ = {
			isa = PBXContainerItemProxy;
			containerPortal = 03F3459228513230001D8BEC /* Project object */;
			proxyType = 1;
			remoteGlobalIDString = 03F3459928513230001D8BEC;
			remoteInfo = HairCare;
		};
		03F345B528513233001D8BEC /* PBXContainerItemProxy */ = {
			isa = PBXContainerItemProxy;
			containerPortal = 03F3459228513230001D8BEC /* Project object */;
			proxyType = 1;
			remoteGlobalIDString = 03F3459928513230001D8BEC;
			remoteInfo = HairCare;
		};
/* End PBXContainerItemProxy section */

/* Begin PBXFileReference section */
		0313C00F28A6F2A400076DD4 /* ViewModel.swift */ = {isa = PBXFileReference; lastKnownFileType = sourcecode.swift; path = ViewModel.swift; sourceTree = "<group>"; };
		0313C01128A6F2F200076DD4 /* HomeViewModelProtocol.swift */ = {isa = PBXFileReference; lastKnownFileType = sourcecode.swift; path = HomeViewModelProtocol.swift; sourceTree = "<group>"; };
		0313C01528A6FA9C00076DD4 /* ExecutionResultView.swift */ = {isa = PBXFileReference; lastKnownFileType = sourcecode.swift; path = ExecutionResultView.swift; sourceTree = "<group>"; };
		0313C01928A6FB8700076DD4 /* ExecutionInProgressView.swift */ = {isa = PBXFileReference; lastKnownFileType = sourcecode.swift; path = ExecutionInProgressView.swift; sourceTree = "<group>"; };
		0313FE40285A2A0800415063 /* pt-BR */ = {isa = PBXFileReference; lastKnownFileType = text.plist.strings; name = "pt-BR"; path = "pt-BR.lproj/StartPage.strings"; sourceTree = "<group>"; };
		0313FE42285A2A0F00415063 /* en */ = {isa = PBXFileReference; lastKnownFileType = text.plist.strings; name = en; path = en.lproj/StartPage.strings; sourceTree = "<group>"; };
		0313FE44285A667200415063 /* R.generated.swift */ = {isa = PBXFileReference; fileEncoding = 4; lastKnownFileType = sourcecode.swift; name = R.generated.swift; path = HairCare/Resources/R.generated.swift; sourceTree = SOURCE_ROOT; };
		0313FE47285A687800415063 /* en */ = {isa = PBXFileReference; lastKnownFileType = text.plist.strings; name = en; path = en.lproj/HomePage.strings; sourceTree = "<group>"; };
		0313FE49285A688000415063 /* pt-BR */ = {isa = PBXFileReference; lastKnownFileType = text.plist.strings; name = "pt-BR"; path = "pt-BR.lproj/HomePage.strings"; sourceTree = "<group>"; };
		0313FE4B285A7E6200415063 /* HomePageTabItem.swift */ = {isa = PBXFileReference; lastKnownFileType = sourcecode.swift; path = HomePageTabItem.swift; sourceTree = "<group>"; };
		031CE0EB286CEFE400B4B74D /* RoundedCornersShape.swift */ = {isa = PBXFileReference; lastKnownFileType = sourcecode.swift; path = RoundedCornersShape.swift; sourceTree = "<group>"; };
		032097AC285D23520076A601 /* HomePageProductsByCategoryView.swift */ = {isa = PBXFileReference; lastKnownFileType = sourcecode.swift; path = HomePageProductsByCategoryView.swift; sourceTree = "<group>"; };
		032097AF285D23D60076A601 /* ProductCardView.swift */ = {isa = PBXFileReference; lastKnownFileType = sourcecode.swift; path = ProductCardView.swift; sourceTree = "<group>"; };
		032EF0CA289425FB00971BC3 /* Pack.swift */ = {isa = PBXFileReference; lastKnownFileType = sourcecode.swift; path = Pack.swift; sourceTree = "<group>"; };
		032EF0CC2894266F00971BC3 /* Price.swift */ = {isa = PBXFileReference; lastKnownFileType = sourcecode.swift; path = Price.swift; sourceTree = "<group>"; };
		032EF0CE2894276A00971BC3 /* StoreItem.swift */ = {isa = PBXFileReference; lastKnownFileType = sourcecode.swift; path = StoreItem.swift; sourceTree = "<group>"; };
		0333650429479683000D0FB2 /* EnvVariables.swift */ = {isa = PBXFileReference; lastKnownFileType = sourcecode.swift; path = EnvVariables.swift; sourceTree = "<group>"; };
		033365082947A001000D0FB2 /* ApiRequest.swift */ = {isa = PBXFileReference; lastKnownFileType = sourcecode.swift; path = ApiRequest.swift; sourceTree = "<group>"; };
		0333650B2947AA4D000D0FB2 /* ProductsEndpoints.swift */ = {isa = PBXFileReference; lastKnownFileType = sourcecode.swift; path = ProductsEndpoints.swift; sourceTree = "<group>"; };
		0333650E2947BA99000D0FB2 /* productsByCategory.json */ = {isa = PBXFileReference; fileEncoding = 4; lastKnownFileType = text.json; path = productsByCategory.json; sourceTree = "<group>"; };
		033365102947BB1E000D0FB2 /* ApiMockLoader.swift */ = {isa = PBXFileReference; lastKnownFileType = sourcecode.swift; path = ApiMockLoader.swift; sourceTree = "<group>"; };
		03359D1D2865E5C400A7621F /* IngredientCardView.swift */ = {isa = PBXFileReference; lastKnownFileType = sourcecode.swift; path = IngredientCardView.swift; sourceTree = "<group>"; };
		03359D212865F9EE00A7621F /* UIColor+Extensions.swift */ = {isa = PBXFileReference; lastKnownFileType = sourcecode.swift; path = "UIColor+Extensions.swift"; sourceTree = "<group>"; };
		03359D2328660A3500A7621F /* ProductDetailDescriptionView.swift */ = {isa = PBXFileReference; lastKnownFileType = sourcecode.swift; path = ProductDetailDescriptionView.swift; sourceTree = "<group>"; };
		03359D2528662AB100A7621F /* ProductDetailReadMoreView.swift */ = {isa = PBXFileReference; lastKnownFileType = sourcecode.swift; path = ProductDetailReadMoreView.swift; sourceTree = "<group>"; };
		03359D27286632E900A7621F /* ProductDetailFooterView.swift */ = {isa = PBXFileReference; lastKnownFileType = sourcecode.swift; path = ProductDetailFooterView.swift; sourceTree = "<group>"; };
		03359D29286634F700A7621F /* PriceText.swift */ = {isa = PBXFileReference; lastKnownFileType = sourcecode.swift; path = PriceText.swift; sourceTree = "<group>"; };
		03359D2B28664ABE00A7621F /* FixedBottomSheetView.swift */ = {isa = PBXFileReference; lastKnownFileType = sourcecode.swift; path = FixedBottomSheetView.swift; sourceTree = "<group>"; };
		033A05C72943C1290087CE54 /* StoreItemCategory+Extensions.swift */ = {isa = PBXFileReference; lastKnownFileType = sourcecode.swift; path = "StoreItemCategory+Extensions.swift"; sourceTree = "<group>"; };
		033A05D12943C1FC0087CE54 /* en */ = {isa = PBXFileReference; lastKnownFileType = text.plist.strings; name = en; path = en.lproj/StoreItemCategory.strings; sourceTree = "<group>"; };
		033A05D32943C2090087CE54 /* pt-BR */ = {isa = PBXFileReference; lastKnownFileType = text.plist.strings; name = "pt-BR"; path = "pt-BR.lproj/StoreItemCategory.strings"; sourceTree = "<group>"; };
		033A05D72943D1190087CE54 /* HomePageListView.swift */ = {isa = PBXFileReference; lastKnownFileType = sourcecode.swift; path = HomePageListView.swift; sourceTree = "<group>"; };
		033EF11928736A3F0080F4BE /* ProductsApiService.swift */ = {isa = PBXFileReference; lastKnownFileType = sourcecode.swift; path = ProductsApiService.swift; sourceTree = "<group>"; };
		033EF11B28736A4C0080F4BE /* ProductsApiServiceProtocol.swift */ = {isa = PBXFileReference; lastKnownFileType = sourcecode.swift; path = ProductsApiServiceProtocol.swift; sourceTree = "<group>"; };
		033FF23028B4458400FF620A /* ProductDetailViewModel.swift */ = {isa = PBXFileReference; lastKnownFileType = sourcecode.swift; path = ProductDetailViewModel.swift; sourceTree = "<group>"; };
		033FF23228B4459200FF620A /* ProductDetailViewModelProtocol.swift */ = {isa = PBXFileReference; lastKnownFileType = sourcecode.swift; path = ProductDetailViewModelProtocol.swift; sourceTree = "<group>"; };
		033FF23628B446EE00FF620A /* WithViewModel.swift */ = {isa = PBXFileReference; lastKnownFileType = sourcecode.swift; path = WithViewModel.swift; sourceTree = "<group>"; };
		033FF23A28B7ABE900FF620A /* HomeUseCaseProtocol.swift */ = {isa = PBXFileReference; lastKnownFileType = sourcecode.swift; path = HomeUseCaseProtocol.swift; sourceTree = "<group>"; };
		03479D2729490539009B13B1 /* ApiProductsMockUrlProtocol.swift */ = {isa = PBXFileReference; lastKnownFileType = sourcecode.swift; path = ApiProductsMockUrlProtocol.swift; sourceTree = "<group>"; };
		03479D2929490B48009B13B1 /* ApiCallMock.swift */ = {isa = PBXFileReference; lastKnownFileType = sourcecode.swift; path = ApiCallMock.swift; sourceTree = "<group>"; };
		035F42C52D170A3600F4A7C4 /* View+Coordinator.swift */ = {isa = PBXFileReference; lastKnownFileType = sourcecode.swift; path = "View+Coordinator.swift"; sourceTree = "<group>"; };
		03607A8F2938D46D0019EF5B /* Coordinator.swift */ = {isa = PBXFileReference; lastKnownFileType = sourcecode.swift; path = Coordinator.swift; sourceTree = "<group>"; };
		03607A932938D5F90019EF5B /* AppCoordinator.swift */ = {isa = PBXFileReference; lastKnownFileType = sourcecode.swift; path = AppCoordinator.swift; sourceTree = "<group>"; };
		0365888128528928009E10BC /* OutlinedButtonStyle.swift */ = {isa = PBXFileReference; lastKnownFileType = sourcecode.swift; path = OutlinedButtonStyle.swift; sourceTree = "<group>"; };
		036588842853D7E0009E10BC /* StartPageBottomView.swift */ = {isa = PBXFileReference; lastKnownFileType = sourcecode.swift; path = StartPageBottomView.swift; sourceTree = "<group>"; };
		036588872853D8C0009E10BC /* HomePage.swift */ = {isa = PBXFileReference; lastKnownFileType = sourcecode.swift; path = HomePage.swift; sourceTree = "<group>"; };
		036BE9F8285DF67D004A90B6 /* Product.swift */ = {isa = PBXFileReference; lastKnownFileType = sourcecode.swift; path = Product.swift; sourceTree = "<group>"; };
		036BE9FD285DFD58004A90B6 /* CircularBorderedProminentButtonStyle.swift */ = {isa = PBXFileReference; lastKnownFileType = sourcecode.swift; path = CircularBorderedProminentButtonStyle.swift; sourceTree = "<group>"; };
		036BEA00285E0786004A90B6 /* InfoView.swift */ = {isa = PBXFileReference; lastKnownFileType = sourcecode.swift; path = InfoView.swift; sourceTree = "<group>"; };
		036BEA02285E07EF004A90B6 /* FooterView.swift */ = {isa = PBXFileReference; lastKnownFileType = sourcecode.swift; path = FooterView.swift; sourceTree = "<group>"; };
		036BEA04285E08A4004A90B6 /* Color+Extensions.swift */ = {isa = PBXFileReference; lastKnownFileType = sourcecode.swift; path = "Color+Extensions.swift"; sourceTree = "<group>"; };
		0380AB292860B080003C6FBD /* HomePagePacksByCategoryView.swift */ = {isa = PBXFileReference; lastKnownFileType = sourcecode.swift; path = HomePagePacksByCategoryView.swift; sourceTree = "<group>"; };
		0380AB2B28625F53003C6FBD /* PackCardView.swift */ = {isa = PBXFileReference; lastKnownFileType = sourcecode.swift; path = PackCardView.swift; sourceTree = "<group>"; };
		0380AB2E28639D4A003C6FBD /* ProductDetailPage.swift */ = {isa = PBXFileReference; lastKnownFileType = sourcecode.swift; path = ProductDetailPage.swift; sourceTree = "<group>"; };
		0380AB302863A2AB003C6FBD /* CategoryProductNameView.swift */ = {isa = PBXFileReference; lastKnownFileType = sourcecode.swift; path = CategoryProductNameView.swift; sourceTree = "<group>"; };
		038A7DBF294CFFB8000D4910 /* UseCase.swift */ = {isa = PBXFileReference; lastKnownFileType = sourcecode.swift; path = UseCase.swift; sourceTree = "<group>"; };
		038A7DC1294D07C8000D4910 /* ApiService.swift */ = {isa = PBXFileReference; lastKnownFileType = sourcecode.swift; path = ApiService.swift; sourceTree = "<group>"; };
		038A7DC3294D07DA000D4910 /* Repository.swift */ = {isa = PBXFileReference; lastKnownFileType = sourcecode.swift; path = Repository.swift; sourceTree = "<group>"; };
		0396D8E0286E1FBD00BB9B2A /* UnitStepperView.swift */ = {isa = PBXFileReference; lastKnownFileType = sourcecode.swift; path = UnitStepperView.swift; sourceTree = "<group>"; };
		0396D8E2286E32E300BB9B2A /* LargeButton.swift */ = {isa = PBXFileReference; lastKnownFileType = sourcecode.swift; path = LargeButton.swift; sourceTree = "<group>"; };
		0396D8E5286E36C100BB9B2A /* CartService.swift */ = {isa = PBXFileReference; lastKnownFileType = sourcecode.swift; path = CartService.swift; sourceTree = "<group>"; };
		0396D8E7286E390900BB9B2A /* CartItem.swift */ = {isa = PBXFileReference; lastKnownFileType = sourcecode.swift; path = CartItem.swift; sourceTree = "<group>"; };
		03B8E5BF28B00736000B51A8 /* HomeRepositoryProtocol.swift */ = {isa = PBXFileReference; lastKnownFileType = sourcecode.swift; path = HomeRepositoryProtocol.swift; sourceTree = "<group>"; };
		03B8E5C228B008F4000B51A8 /* HomeUseCase.swift */ = {isa = PBXFileReference; lastKnownFileType = sourcecode.swift; path = HomeUseCase.swift; sourceTree = "<group>"; };
		03BB7FCF294A444100A46189 /* ApiRequestResponse.swift */ = {isa = PBXFileReference; lastKnownFileType = sourcecode.swift; path = ApiRequestResponse.swift; sourceTree = "<group>"; };
		03BB7FD1294A5B6700A46189 /* ApiRequest+Extensions.swift */ = {isa = PBXFileReference; lastKnownFileType = sourcecode.swift; path = "ApiRequest+Extensions.swift"; sourceTree = "<group>"; };
		03C1FA0F28981A43007980EE /* HomeViewModel.swift */ = {isa = PBXFileReference; lastKnownFileType = sourcecode.swift; path = HomeViewModel.swift; sourceTree = "<group>"; };
		03C1FA1228984E36007980EE /* ExecutionStatus.swift */ = {isa = PBXFileReference; lastKnownFileType = sourcecode.swift; path = ExecutionStatus.swift; sourceTree = "<group>"; };
		03C1FA152899B8E4007980EE /* HomeRepository.swift */ = {isa = PBXFileReference; lastKnownFileType = sourcecode.swift; path = HomeRepository.swift; sourceTree = "<group>"; };
		03C1FA172899B915007980EE /* PacksApiServiceProtocol.swift */ = {isa = PBXFileReference; lastKnownFileType = sourcecode.swift; path = PacksApiServiceProtocol.swift; sourceTree = "<group>"; };
		03C1FA192899B935007980EE /* PacksApiService.swift */ = {isa = PBXFileReference; lastKnownFileType = sourcecode.swift; path = PacksApiService.swift; sourceTree = "<group>"; };
		03C45F05293A3CC000B341A5 /* StartViewModelProtocol.swift */ = {isa = PBXFileReference; lastKnownFileType = sourcecode.swift; path = StartViewModelProtocol.swift; sourceTree = "<group>"; };
		03C45F07293A3D4600B341A5 /* StartViewModel.swift */ = {isa = PBXFileReference; lastKnownFileType = sourcecode.swift; path = StartViewModel.swift; sourceTree = "<group>"; };
		03CF2EE6285F65850017E74B /* CardView.swift */ = {isa = PBXFileReference; lastKnownFileType = sourcecode.swift; path = CardView.swift; sourceTree = "<group>"; };
		03D494192864B23B007D75D9 /* ProductDetailIngredientsView.swift */ = {isa = PBXFileReference; lastKnownFileType = sourcecode.swift; path = ProductDetailIngredientsView.swift; sourceTree = "<group>"; };
		03D4941E2864B26A007D75D9 /* en */ = {isa = PBXFileReference; lastKnownFileType = text.plist.strings; name = en; path = en.lproj/ProductDetail.strings; sourceTree = "<group>"; };
		03D494202864B26B007D75D9 /* pt-BR */ = {isa = PBXFileReference; lastKnownFileType = text.plist.strings; name = "pt-BR"; path = "pt-BR.lproj/ProductDetail.strings"; sourceTree = "<group>"; };
		03E7E73D2D131860003FA0DD /* StartPageBuilder.swift */ = {isa = PBXFileReference; lastKnownFileType = sourcecode.swift; path = StartPageBuilder.swift; sourceTree = "<group>"; };
		03E7E7402D131915003FA0DD /* ProductDetailBuilder.swift */ = {isa = PBXFileReference; lastKnownFileType = sourcecode.swift; path = ProductDetailBuilder.swift; sourceTree = "<group>"; };
		03E7E7432D1319CC003FA0DD /* HomeBuilder.swift */ = {isa = PBXFileReference; lastKnownFileType = sourcecode.swift; path = HomeBuilder.swift; sourceTree = "<group>"; };
		03E7E74A2D15E21F003FA0DD /* AppNavigationStack.swift */ = {isa = PBXFileReference; lastKnownFileType = sourcecode.swift; path = AppNavigationStack.swift; sourceTree = "<group>"; };
		03F3459A28513230001D8BEC /* HairCare.app */ = {isa = PBXFileReference; explicitFileType = wrapper.application; includeInIndex = 0; path = HairCare.app; sourceTree = BUILT_PRODUCTS_DIR; };
		03F3459D28513230001D8BEC /* HairCareApp.swift */ = {isa = PBXFileReference; lastKnownFileType = sourcecode.swift; path = HairCareApp.swift; sourceTree = "<group>"; };
		03F345A128513233001D8BEC /* Assets.xcassets */ = {isa = PBXFileReference; lastKnownFileType = folder.assetcatalog; path = Assets.xcassets; sourceTree = "<group>"; };
		03F345A428513233001D8BEC /* Preview Assets.xcassets */ = {isa = PBXFileReference; lastKnownFileType = folder.assetcatalog; path = "Preview Assets.xcassets"; sourceTree = "<group>"; };
		03F345AA28513233001D8BEC /* HairCareTests.xctest */ = {isa = PBXFileReference; explicitFileType = wrapper.cfbundle; includeInIndex = 0; path = HairCareTests.xctest; sourceTree = BUILT_PRODUCTS_DIR; };
		03F345AE28513233001D8BEC /* HairCareTests.swift */ = {isa = PBXFileReference; lastKnownFileType = sourcecode.swift; path = HairCareTests.swift; sourceTree = "<group>"; };
		03F345B428513233001D8BEC /* HairCareUITests.xctest */ = {isa = PBXFileReference; explicitFileType = wrapper.cfbundle; includeInIndex = 0; path = HairCareUITests.xctest; sourceTree = BUILT_PRODUCTS_DIR; };
		03F345B828513233001D8BEC /* HairCareUITests.swift */ = {isa = PBXFileReference; lastKnownFileType = sourcecode.swift; path = HairCareUITests.swift; sourceTree = "<group>"; };
		03F345BA28513233001D8BEC /* HairCareUITestsLaunchTests.swift */ = {isa = PBXFileReference; lastKnownFileType = sourcecode.swift; path = HairCareUITestsLaunchTests.swift; sourceTree = "<group>"; };
		03F345C728513883001D8BEC /* Info.plist */ = {isa = PBXFileReference; lastKnownFileType = text.plist.xml; path = Info.plist; sourceTree = "<group>"; };
		03F345C828513B51001D8BEC /* StartPage.swift */ = {isa = PBXFileReference; lastKnownFileType = sourcecode.swift; path = StartPage.swift; sourceTree = "<group>"; };
		03F345CD285231F1001D8BEC /* StartPageBackgroundView.swift */ = {isa = PBXFileReference; lastKnownFileType = sourcecode.swift; path = StartPageBackgroundView.swift; sourceTree = "<group>"; };
		03F345CF28523290001D8BEC /* BigLogoView.swift */ = {isa = PBXFileReference; lastKnownFileType = sourcecode.swift; path = BigLogoView.swift; sourceTree = "<group>"; };
		03F6A7DB2858BACD00172D91 /* ProfileImageView.swift */ = {isa = PBXFileReference; lastKnownFileType = sourcecode.swift; path = ProfileImageView.swift; sourceTree = "<group>"; };
		03F6A7DD2858D73E00172D91 /* HomePageTabView.swift */ = {isa = PBXFileReference; lastKnownFileType = sourcecode.swift; path = HomePageTabView.swift; sourceTree = "<group>"; };
		04FEBD3F9915A119B07D9703 /* Pods_HairCare_HairCareUITests.framework */ = {isa = PBXFileReference; explicitFileType = wrapper.framework; includeInIndex = 0; path = Pods_HairCare_HairCareUITests.framework; sourceTree = BUILT_PRODUCTS_DIR; };
		20D29195B6943D210D94E1E8 /* Pods-HairCare.debug.xcconfig */ = {isa = PBXFileReference; includeInIndex = 1; lastKnownFileType = text.xcconfig; name = "Pods-HairCare.debug.xcconfig"; path = "Target Support Files/Pods-HairCare/Pods-HairCare.debug.xcconfig"; sourceTree = "<group>"; };
		47603EAEEADBDD3F7B3C4C8C /* Pods_HairCareTests.framework */ = {isa = PBXFileReference; explicitFileType = wrapper.framework; includeInIndex = 0; path = Pods_HairCareTests.framework; sourceTree = BUILT_PRODUCTS_DIR; };
		71D8D05366A389135BED6230 /* Pods-HairCare-HairCareUITests.release.xcconfig */ = {isa = PBXFileReference; includeInIndex = 1; lastKnownFileType = text.xcconfig; name = "Pods-HairCare-HairCareUITests.release.xcconfig"; path = "Target Support Files/Pods-HairCare-HairCareUITests/Pods-HairCare-HairCareUITests.release.xcconfig"; sourceTree = "<group>"; };
		92BA9C20E530AD2EDBE0C354 /* Pods-HairCare-HairCareUITests.debug.xcconfig */ = {isa = PBXFileReference; includeInIndex = 1; lastKnownFileType = text.xcconfig; name = "Pods-HairCare-HairCareUITests.debug.xcconfig"; path = "Target Support Files/Pods-HairCare-HairCareUITests/Pods-HairCare-HairCareUITests.debug.xcconfig"; sourceTree = "<group>"; };
		B555898CE5A2B5233A00B29D /* Pods_HairCare.framework */ = {isa = PBXFileReference; explicitFileType = wrapper.framework; includeInIndex = 0; path = Pods_HairCare.framework; sourceTree = BUILT_PRODUCTS_DIR; };
		C9C26BDF062E5C3F0457B285 /* Pods-HairCare.release.xcconfig */ = {isa = PBXFileReference; includeInIndex = 1; lastKnownFileType = text.xcconfig; name = "Pods-HairCare.release.xcconfig"; path = "Target Support Files/Pods-HairCare/Pods-HairCare.release.xcconfig"; sourceTree = "<group>"; };
		DE7A405412C3E5CE01C4343C /* Pods-HairCareTests.release.xcconfig */ = {isa = PBXFileReference; includeInIndex = 1; lastKnownFileType = text.xcconfig; name = "Pods-HairCareTests.release.xcconfig"; path = "Target Support Files/Pods-HairCareTests/Pods-HairCareTests.release.xcconfig"; sourceTree = "<group>"; };
		F92BD4E81D69A2AC0C031083 /* Pods-HairCareTests.debug.xcconfig */ = {isa = PBXFileReference; includeInIndex = 1; lastKnownFileType = text.xcconfig; name = "Pods-HairCareTests.debug.xcconfig"; path = "Target Support Files/Pods-HairCareTests/Pods-HairCareTests.debug.xcconfig"; sourceTree = "<group>"; };
/* End PBXFileReference section */

/* Begin PBXFrameworksBuildPhase section */
		03F3459728513230001D8BEC /* Frameworks */ = {
			isa = PBXFrameworksBuildPhase;
			buildActionMask = 2147483647;
			files = (
				E27353E457B2E1378061930E /* Pods_HairCare.framework in Frameworks */,
			);
			runOnlyForDeploymentPostprocessing = 0;
		};
		03F345A728513233001D8BEC /* Frameworks */ = {
			isa = PBXFrameworksBuildPhase;
			buildActionMask = 2147483647;
			files = (
				3E3EBA6CDBCF412825DDC89B /* Pods_HairCareTests.framework in Frameworks */,
			);
			runOnlyForDeploymentPostprocessing = 0;
		};
		03F345B128513233001D8BEC /* Frameworks */ = {
			isa = PBXFrameworksBuildPhase;
			buildActionMask = 2147483647;
			files = (
				9628C3F1EE3767DA72BE2C5E /* Pods_HairCare_HairCareUITests.framework in Frameworks */,
			);
			runOnlyForDeploymentPostprocessing = 0;
		};
/* End PBXFrameworksBuildPhase section */

/* Begin PBXGroup section */
		0313FE4A285A7E2B00415063 /* HomePageTab */ = {
			isa = PBXGroup;
			children = (
				03F6A7DD2858D73E00172D91 /* HomePageTabView.swift */,
				0313FE4B285A7E6200415063 /* HomePageTabItem.swift */,
			);
			path = HomePageTab;
			sourceTree = "<group>";
		};
		0313FE4D285A831F00415063 /* Entities */ = {
			isa = PBXGroup;
			children = (
				036BE9F8285DF67D004A90B6 /* Product.swift */,
				0396D8E7286E390900BB9B2A /* CartItem.swift */,
				032EF0CA289425FB00971BC3 /* Pack.swift */,
				032EF0CC2894266F00971BC3 /* Price.swift */,
				032EF0CE2894276A00971BC3 /* StoreItem.swift */,
			);
			path = Entities;
			sourceTree = "<group>";
		};
		031CE0EA286CEE1300B4B74D /* Shapes */ = {
			isa = PBXGroup;
			children = (
				031CE0EB286CEFE400B4B74D /* RoundedCornersShape.swift */,
			);
			path = Shapes;
			sourceTree = "<group>";
		};
		032097A6285D1B4B0076A601 /* Api */ = {
			isa = PBXGroup;
			children = (
				032097A7285D1B530076A601 /* Services */,
				0333650A2947AA2C000D0FB2 /* Endpoints */,
				0333650729479FDF000D0FB2 /* ApiRequest */,
			);
			path = Api;
			sourceTree = "<group>";
		};
		032097A7285D1B530076A601 /* Services */ = {
			isa = PBXGroup;
			children = (
				03E7E7482D131B02003FA0DD /* Packs */,
				03E7E7472D131AF7003FA0DD /* Products */,
			);
			path = Services;
			sourceTree = "<group>";
		};
		032097AE285D23590076A601 /* HomePageProductsByCategory */ = {
			isa = PBXGroup;
			children = (
				036BE9FF285E074E004A90B6 /* ProductCard */,
				032097AC285D23520076A601 /* HomePageProductsByCategoryView.swift */,
			);
			path = HomePageProductsByCategory;
			sourceTree = "<group>";
		};
		0333650629479897000D0FB2 /* Support */ = {
			isa = PBXGroup;
			children = (
				0333650429479683000D0FB2 /* EnvVariables.swift */,
			);
			path = Support;
			sourceTree = "<group>";
		};
		0333650729479FDF000D0FB2 /* ApiRequest */ = {
			isa = PBXGroup;
			children = (
				033365082947A001000D0FB2 /* ApiRequest.swift */,
				03BB7FD1294A5B6700A46189 /* ApiRequest+Extensions.swift */,
				03BB7FCF294A444100A46189 /* ApiRequestResponse.swift */,
			);
			path = ApiRequest;
			sourceTree = "<group>";
		};
		0333650A2947AA2C000D0FB2 /* Endpoints */ = {
			isa = PBXGroup;
			children = (
				0333650B2947AA4D000D0FB2 /* ProductsEndpoints.swift */,
			);
			path = Endpoints;
			sourceTree = "<group>";
		};
		03359D1C2865E55900A7621F /* ProductDetailIngredients */ = {
			isa = PBXGroup;
			children = (
				03D494192864B23B007D75D9 /* ProductDetailIngredientsView.swift */,
				03359D1D2865E5C400A7621F /* IngredientCardView.swift */,
			);
			path = ProductDetailIngredients;
			sourceTree = "<group>";
		};
		033A05D42943D0E00087CE54 /* HomePageList */ = {
			isa = PBXGroup;
			children = (
				033A05D72943D1190087CE54 /* HomePageListView.swift */,
			);
			path = HomePageList;
			sourceTree = "<group>";
		};
		033FF22D28B443E900FF620A /* Components */ = {
			isa = PBXGroup;
			children = (
				036588832852904C009E10BC /* Views */,
				031CE0EA286CEE1300B4B74D /* Shapes */,
				036588802852890A009E10BC /* Styles */,
			);
			path = Components;
			sourceTree = "<group>";
		};
		033FF22E28B4453B00FF620A /* View */ = {
			isa = PBXGroup;
			children = (
				03359D1C2865E55900A7621F /* ProductDetailIngredients */,
				0380AB2E28639D4A003C6FBD /* ProductDetailPage.swift */,
				03359D2328660A3500A7621F /* ProductDetailDescriptionView.swift */,
				03359D2528662AB100A7621F /* ProductDetailReadMoreView.swift */,
				03359D27286632E900A7621F /* ProductDetailFooterView.swift */,
			);
			path = View;
			sourceTree = "<group>";
		};
		033FF22F28B4454A00FF620A /* ViewModel */ = {
			isa = PBXGroup;
			children = (
				033FF23028B4458400FF620A /* ProductDetailViewModel.swift */,
				033FF23228B4459200FF620A /* ProductDetailViewModelProtocol.swift */,
			);
			path = ViewModel;
			sourceTree = "<group>";
		};
		033FF23528B446D400FF620A /* MVVMC */ = {
			isa = PBXGroup;
			children = (
				035F42C42D170A2D00F4A7C4 /* Extensions */,
				0313C00F28A6F2A400076DD4 /* ViewModel.swift */,
				03607A8F2938D46D0019EF5B /* Coordinator.swift */,
				033FF23628B446EE00FF620A /* WithViewModel.swift */,
			);
			path = MVVMC;
			sourceTree = "<group>";
		};
		033FF23828B7A9CA00FF620A /* Analytics */ = {
			isa = PBXGroup;
			children = (
			);
			path = Analytics;
			sourceTree = "<group>";
		};
		033FF23D28B7AD7E00FF620A /* Coordinator */ = {
			isa = PBXGroup;
			children = (
				03607A932938D5F90019EF5B /* AppCoordinator.swift */,
			);
			path = Coordinator;
			sourceTree = "<group>";
		};
		03479D25294902AC009B13B1 /* Mocks */ = {
			isa = PBXGroup;
			children = (
				03479D26294902B9009B13B1 /* Api */,
			);
			path = Mocks;
			sourceTree = "<group>";
		};
		03479D26294902B9009B13B1 /* Api */ = {
			isa = PBXGroup;
			children = (
				0333650E2947BA99000D0FB2 /* productsByCategory.json */,
				033365102947BB1E000D0FB2 /* ApiMockLoader.swift */,
				03479D2729490539009B13B1 /* ApiProductsMockUrlProtocol.swift */,
				03479D2929490B48009B13B1 /* ApiCallMock.swift */,
			);
			path = Api;
			sourceTree = "<group>";
		};
		035F42C42D170A2D00F4A7C4 /* Extensions */ = {
			isa = PBXGroup;
			children = (
				035F42C52D170A3600F4A7C4 /* View+Coordinator.swift */,
			);
			path = Extensions;
			sourceTree = "<group>";
		};
		03607A922938D53A0019EF5B /* Core */ = {
			isa = PBXGroup;
			children = (
				038A7DBE294CFFA4000D4910 /* CleanArch */,
				033FF23528B446D400FF620A /* MVVMC */,
			);
			path = Core;
			sourceTree = "<group>";
		};
		036588802852890A009E10BC /* Styles */ = {
			isa = PBXGroup;
			children = (
				0365888128528928009E10BC /* OutlinedButtonStyle.swift */,
				036BE9FD285DFD58004A90B6 /* CircularBorderedProminentButtonStyle.swift */,
			);
			path = Styles;
			sourceTree = "<group>";
		};
		036588832852904C009E10BC /* Views */ = {
			isa = PBXGroup;
			children = (
				03F345CF28523290001D8BEC /* BigLogoView.swift */,
				03F6A7DB2858BACD00172D91 /* ProfileImageView.swift */,
				03CF2EE6285F65850017E74B /* CardView.swift */,
				0380AB302863A2AB003C6FBD /* CategoryProductNameView.swift */,
				03359D29286634F700A7621F /* PriceText.swift */,
				03359D2B28664ABE00A7621F /* FixedBottomSheetView.swift */,
				0396D8E0286E1FBD00BB9B2A /* UnitStepperView.swift */,
				0396D8E2286E32E300BB9B2A /* LargeButton.swift */,
				0313C01528A6FA9C00076DD4 /* ExecutionResultView.swift */,
				0313C01928A6FB8700076DD4 /* ExecutionInProgressView.swift */,
			);
			path = Views;
			sourceTree = "<group>";
		};
		036588862853D8AA009E10BC /* Presentation */ = {
			isa = PBXGroup;
			children = (
				03C1FA1128984D0F007980EE /* View */,
				03C1FA0E289817A3007980EE /* ViewModel */,
			);
			path = Presentation;
			sourceTree = "<group>";
		};
		036BE9FF285E074E004A90B6 /* ProductCard */ = {
			isa = PBXGroup;
			children = (
				032097AF285D23D60076A601 /* ProductCardView.swift */,
				036BEA00285E0786004A90B6 /* InfoView.swift */,
				036BEA02285E07EF004A90B6 /* FooterView.swift */,
			);
			path = ProductCard;
			sourceTree = "<group>";
		};
		0380AB282860B062003C6FBD /* HomePagePacksByCategory */ = {
			isa = PBXGroup;
			children = (
				0380AB292860B080003C6FBD /* HomePagePacksByCategoryView.swift */,
				0380AB2B28625F53003C6FBD /* PackCardView.swift */,
			);
			path = HomePagePacksByCategory;
			sourceTree = "<group>";
		};
		0380AB2D28639D2E003C6FBD /* Presentation */ = {
			isa = PBXGroup;
			children = (
				033FF22E28B4453B00FF620A /* View */,
				033FF22F28B4454A00FF620A /* ViewModel */,
			);
			path = Presentation;
			sourceTree = "<group>";
		};
		038A7DBE294CFFA4000D4910 /* CleanArch */ = {
			isa = PBXGroup;
			children = (
				038A7DBF294CFFB8000D4910 /* UseCase.swift */,
				038A7DC3294D07DA000D4910 /* Repository.swift */,
				038A7DC1294D07C8000D4910 /* ApiService.swift */,
			);
			path = CleanArch;
			sourceTree = "<group>";
		};
		0396D8E4286E369900BB9B2A /* Services */ = {
			isa = PBXGroup;
			children = (
				0396D8E5286E36C100BB9B2A /* CartService.swift */,
			);
			path = Services;
			sourceTree = "<group>";
		};
		03B8E5B728B001C5000B51A8 /* Presentation */ = {
			isa = PBXGroup;
			children = (
				033FF22D28B443E900FF620A /* Components */,
				03B8E5B928B0061B000B51A8 /* Utils */,
			);
			path = Presentation;
			sourceTree = "<group>";
		};
		03B8E5B928B0061B000B51A8 /* Utils */ = {
			isa = PBXGroup;
			children = (
				03B8E5C828B01C23000B51A8 /* Extensions */,
				03C1FA1228984E36007980EE /* ExecutionStatus.swift */,
			);
			path = Utils;
			sourceTree = "<group>";
		};
		03B8E5BA28B0064E000B51A8 /* Domain */ = {
			isa = PBXGroup;
			children = (
				0313FE4D285A831F00415063 /* Entities */,
			);
			path = Domain;
			sourceTree = "<group>";
		};
		03B8E5BB28B00654000B51A8 /* Data */ = {
			isa = PBXGroup;
			children = (
				032097A6285D1B4B0076A601 /* Api */,
				03B8E5BC28B006A8000B51A8 /* Database */,
				03479D25294902AC009B13B1 /* Mocks */,
			);
			path = Data;
			sourceTree = "<group>";
		};
		03B8E5BC28B006A8000B51A8 /* Database */ = {
			isa = PBXGroup;
			children = (
			);
			path = Database;
			sourceTree = "<group>";
		};
		03B8E5C528B0196B000B51A8 /* Application */ = {
			isa = PBXGroup;
			children = (
				03E7E74A2D15E21F003FA0DD /* AppNavigationStack.swift */,
				03F3459D28513230001D8BEC /* HairCareApp.swift */,
				0396D8E4286E369900BB9B2A /* Services */,
				033FF23D28B7AD7E00FF620A /* Coordinator */,
			);
			path = Application;
			sourceTree = "<group>";
		};
		03B8E5C628B01979000B51A8 /* Resources */ = {
			isa = PBXGroup;
			children = (
				0313FE44285A667200415063 /* R.generated.swift */,
				03F345A128513233001D8BEC /* Assets.xcassets */,
				03F6A7DF2858F08900172D91 /* Localization */,
			);
			path = Resources;
			sourceTree = "<group>";
		};
		03B8E5C828B01C23000B51A8 /* Extensions */ = {
			isa = PBXGroup;
			children = (
				036BEA04285E08A4004A90B6 /* Color+Extensions.swift */,
				03359D212865F9EE00A7621F /* UIColor+Extensions.swift */,
				033A05C72943C1290087CE54 /* StoreItemCategory+Extensions.swift */,
			);
			path = Extensions;
			sourceTree = "<group>";
		};
		03B8E5C928B01D41000B51A8 /* Views */ = {
			isa = PBXGroup;
			children = (
				03F345C828513B51001D8BEC /* StartPage.swift */,
				03F345CD285231F1001D8BEC /* StartPageBackgroundView.swift */,
				036588842853D7E0009E10BC /* StartPageBottomView.swift */,
			);
			path = Views;
			sourceTree = "<group>";
		};
		03C1FA0E289817A3007980EE /* ViewModel */ = {
			isa = PBXGroup;
			children = (
				03C1FA0F28981A43007980EE /* HomeViewModel.swift */,
				0313C01128A6F2F200076DD4 /* HomeViewModelProtocol.swift */,
			);
			path = ViewModel;
			sourceTree = "<group>";
		};
		03C1FA1128984D0F007980EE /* View */ = {
			isa = PBXGroup;
			children = (
				033A05D42943D0E00087CE54 /* HomePageList */,
				0380AB282860B062003C6FBD /* HomePagePacksByCategory */,
				032097AE285D23590076A601 /* HomePageProductsByCategory */,
				0313FE4A285A7E2B00415063 /* HomePageTab */,
				036588872853D8C0009E10BC /* HomePage.swift */,
			);
			path = View;
			sourceTree = "<group>";
		};
		03C45F04293A3CA100B341A5 /* ViewModel */ = {
			isa = PBXGroup;
			children = (
				03C45F05293A3CC000B341A5 /* StartViewModelProtocol.swift */,
				03C45F07293A3D4600B341A5 /* StartViewModel.swift */,
			);
			path = ViewModel;
			sourceTree = "<group>";
		};
		03E7E72E2D12FE11003FA0DD /* Features */ = {
			isa = PBXGroup;
			children = (
				03E7E7332D12FF2B003FA0DD /* ProductDetail */,
				03E7E7322D12FF23003FA0DD /* Home */,
				03E7E7342D12FF50003FA0DD /* Start */,
			);
			path = Features;
			sourceTree = "<group>";
		};
		03E7E72F2D12FE21003FA0DD /* Infrastructure */ = {
			isa = PBXGroup;
			children = (
				03607A922938D53A0019EF5B /* Core */,
				033FF23828B7A9CA00FF620A /* Analytics */,
				03B8E5B728B001C5000B51A8 /* Presentation */,
				03B8E5BA28B0064E000B51A8 /* Domain */,
				03B8E5BB28B00654000B51A8 /* Data */,
			);
			path = Infrastructure;
			sourceTree = "<group>";
		};
		03E7E7322D12FF23003FA0DD /* Home */ = {
			isa = PBXGroup;
			children = (
				03E7E7422D1319C5003FA0DD /* Builder */,
				03E7E7452D131AC5003FA0DD /* Analytics */,
				03E7E7382D130A8C003FA0DD /* Data */,
				03E7E7352D130114003FA0DD /* Domain */,
				036588862853D8AA009E10BC /* Presentation */,
			);
			path = Home;
			sourceTree = "<group>";
		};
		03E7E7332D12FF2B003FA0DD /* ProductDetail */ = {
			isa = PBXGroup;
			children = (
				03E7E73F2D1318E5003FA0DD /* Builder */,
				03E7E7462D131AD6003FA0DD /* Analytics */,
				0380AB2D28639D2E003C6FBD /* Presentation */,
			);
			path = ProductDetail;
			sourceTree = "<group>";
		};
		03E7E7342D12FF50003FA0DD /* Start */ = {
			isa = PBXGroup;
			children = (
				03E7E73C2D131830003FA0DD /* Builder */,
				03F345CC285231D8001D8BEC /* Presentation */,
			);
			path = Start;
			sourceTree = "<group>";
		};
		03E7E7352D130114003FA0DD /* Domain */ = {
			isa = PBXGroup;
			children = (
				03E7E73B2D131423003FA0DD /* RepositoryProtocol */,
				03E7E7362D13015C003FA0DD /* UseCase */,
			);
			path = Domain;
			sourceTree = "<group>";
		};
		03E7E7362D13015C003FA0DD /* UseCase */ = {
			isa = PBXGroup;
			children = (
				03B8E5C228B008F4000B51A8 /* HomeUseCase.swift */,
				033FF23A28B7ABE900FF620A /* HomeUseCaseProtocol.swift */,
			);
			path = UseCase;
			sourceTree = "<group>";
		};
		03E7E7382D130A8C003FA0DD /* Data */ = {
			isa = PBXGroup;
			children = (
				03E7E7392D130D0E003FA0DD /* Repository */,
			);
			path = Data;
			sourceTree = "<group>";
		};
		03E7E7392D130D0E003FA0DD /* Repository */ = {
			isa = PBXGroup;
			children = (
				03C1FA152899B8E4007980EE /* HomeRepository.swift */,
			);
			path = Repository;
			sourceTree = "<group>";
		};
		03E7E73B2D131423003FA0DD /* RepositoryProtocol */ = {
			isa = PBXGroup;
			children = (
				03B8E5BF28B00736000B51A8 /* HomeRepositoryProtocol.swift */,
			);
			path = RepositoryProtocol;
			sourceTree = "<group>";
		};
		03E7E73C2D131830003FA0DD /* Builder */ = {
			isa = PBXGroup;
			children = (
				03E7E73D2D131860003FA0DD /* StartPageBuilder.swift */,
			);
			path = Builder;
			sourceTree = "<group>";
		};
		03E7E73F2D1318E5003FA0DD /* Builder */ = {
			isa = PBXGroup;
			children = (
				03E7E7402D131915003FA0DD /* ProductDetailBuilder.swift */,
			);
			path = Builder;
			sourceTree = "<group>";
		};
		03E7E7422D1319C5003FA0DD /* Builder */ = {
			isa = PBXGroup;
			children = (
				03E7E7432D1319CC003FA0DD /* HomeBuilder.swift */,
			);
			path = Builder;
			sourceTree = "<group>";
		};
		03E7E7452D131AC5003FA0DD /* Analytics */ = {
			isa = PBXGroup;
			children = (
			);
			path = Analytics;
			sourceTree = "<group>";
		};
		03E7E7462D131AD6003FA0DD /* Analytics */ = {
			isa = PBXGroup;
			children = (
			);
			path = Analytics;
			sourceTree = "<group>";
		};
		03E7E7472D131AF7003FA0DD /* Products */ = {
			isa = PBXGroup;
			children = (
				033EF11B28736A4C0080F4BE /* ProductsApiServiceProtocol.swift */,
				033EF11928736A3F0080F4BE /* ProductsApiService.swift */,
			);
			path = Products;
			sourceTree = "<group>";
		};
		03E7E7482D131B02003FA0DD /* Packs */ = {
			isa = PBXGroup;
			children = (
				03C1FA172899B915007980EE /* PacksApiServiceProtocol.swift */,
				03C1FA192899B935007980EE /* PacksApiService.swift */,
			);
			path = Packs;
			sourceTree = "<group>";
		};
		03F3459128513230001D8BEC = {
			isa = PBXGroup;
			children = (
				03F3459C28513230001D8BEC /* HairCare */,
				03F345AD28513233001D8BEC /* HairCareTests */,
				03F345B728513233001D8BEC /* HairCareUITests */,
				03F3459B28513230001D8BEC /* Products */,
				312D7F5F97598BA66F68DA7D /* Pods */,
				E3FE1758B26680C57BAFB8E2 /* Frameworks */,
			);
			sourceTree = "<group>";
		};
		03F3459B28513230001D8BEC /* Products */ = {
			isa = PBXGroup;
			children = (
				03F3459A28513230001D8BEC /* HairCare.app */,
				03F345AA28513233001D8BEC /* HairCareTests.xctest */,
				03F345B428513233001D8BEC /* HairCareUITests.xctest */,
			);
			name = Products;
			sourceTree = "<group>";
		};
		03F3459C28513230001D8BEC /* HairCare */ = {
			isa = PBXGroup;
			children = (
				03F345C728513883001D8BEC /* Info.plist */,
				03F345A328513233001D8BEC /* Preview Content */,
				0333650629479897000D0FB2 /* Support */,
				03B8E5C628B01979000B51A8 /* Resources */,
				03B8E5C528B0196B000B51A8 /* Application */,
				03E7E72E2D12FE11003FA0DD /* Features */,
				03E7E72F2D12FE21003FA0DD /* Infrastructure */,
			);
			path = HairCare;
			sourceTree = "<group>";
		};
		03F345A328513233001D8BEC /* Preview Content */ = {
			isa = PBXGroup;
			children = (
				03F345A428513233001D8BEC /* Preview Assets.xcassets */,
			);
			path = "Preview Content";
			sourceTree = "<group>";
		};
		03F345AD28513233001D8BEC /* HairCareTests */ = {
			isa = PBXGroup;
			children = (
				03F345AE28513233001D8BEC /* HairCareTests.swift */,
			);
			path = HairCareTests;
			sourceTree = "<group>";
		};
		03F345B728513233001D8BEC /* HairCareUITests */ = {
			isa = PBXGroup;
			children = (
				03F345B828513233001D8BEC /* HairCareUITests.swift */,
				03F345BA28513233001D8BEC /* HairCareUITestsLaunchTests.swift */,
			);
			path = HairCareUITests;
			sourceTree = "<group>";
		};
		03F345CC285231D8001D8BEC /* Presentation */ = {
			isa = PBXGroup;
			children = (
				03B8E5C928B01D41000B51A8 /* Views */,
				03C45F04293A3CA100B341A5 /* ViewModel */,
			);
			path = Presentation;
			sourceTree = "<group>";
		};
		03F6A7DF2858F08900172D91 /* Localization */ = {
			isa = PBXGroup;
			children = (
				0313FE46285A687800415063 /* HomePage.strings */,
				03D4941F2864B26A007D75D9 /* ProductDetail.strings */,
				0313FE41285A2A0800415063 /* StartPage.strings */,
				033A05D22943C1FC0087CE54 /* StoreItemCategory.strings */,
			);
			path = Localization;
			sourceTree = "<group>";
		};
		312D7F5F97598BA66F68DA7D /* Pods */ = {
			isa = PBXGroup;
			children = (
				20D29195B6943D210D94E1E8 /* Pods-HairCare.debug.xcconfig */,
				C9C26BDF062E5C3F0457B285 /* Pods-HairCare.release.xcconfig */,
				92BA9C20E530AD2EDBE0C354 /* Pods-HairCare-HairCareUITests.debug.xcconfig */,
				71D8D05366A389135BED6230 /* Pods-HairCare-HairCareUITests.release.xcconfig */,
				F92BD4E81D69A2AC0C031083 /* Pods-HairCareTests.debug.xcconfig */,
				DE7A405412C3E5CE01C4343C /* Pods-HairCareTests.release.xcconfig */,
			);
			path = Pods;
			sourceTree = "<group>";
		};
		E3FE1758B26680C57BAFB8E2 /* Frameworks */ = {
			isa = PBXGroup;
			children = (
				B555898CE5A2B5233A00B29D /* Pods_HairCare.framework */,
				04FEBD3F9915A119B07D9703 /* Pods_HairCare_HairCareUITests.framework */,
				47603EAEEADBDD3F7B3C4C8C /* Pods_HairCareTests.framework */,
			);
			name = Frameworks;
			sourceTree = "<group>";
		};
/* End PBXGroup section */

/* Begin PBXNativeTarget section */
		03F3459928513230001D8BEC /* HairCare */ = {
			isa = PBXNativeTarget;
			buildConfigurationList = 03F345BE28513233001D8BEC /* Build configuration list for PBXNativeTarget "HairCare" */;
			buildPhases = (
				06A60ADF8F1C1BF184ED056F /* [CP] Check Pods Manifest.lock */,
				0313FE43285A646000415063 /* R.swift Script */,
				03F3459628513230001D8BEC /* Sources */,
				03F3459728513230001D8BEC /* Frameworks */,
				03F3459828513230001D8BEC /* Resources */,
				94A7A34666C90AAD68084BFC /* [CP] Embed Pods Frameworks */,
			);
			buildRules = (
			);
			dependencies = (
			);
			name = HairCare;
			productName = HairCare;
			productReference = 03F3459A28513230001D8BEC /* HairCare.app */;
			productType = "com.apple.product-type.application";
		};
		03F345A928513233001D8BEC /* HairCareTests */ = {
			isa = PBXNativeTarget;
			buildConfigurationList = 03F345C128513233001D8BEC /* Build configuration list for PBXNativeTarget "HairCareTests" */;
			buildPhases = (
				97484CE1F4CC896935FD56A0 /* [CP] Check Pods Manifest.lock */,
				03F345A628513233001D8BEC /* Sources */,
				03F345A728513233001D8BEC /* Frameworks */,
				03F345A828513233001D8BEC /* Resources */,
			);
			buildRules = (
			);
			dependencies = (
				03F345AC28513233001D8BEC /* PBXTargetDependency */,
			);
			name = HairCareTests;
			productName = HairCareTests;
			productReference = 03F345AA28513233001D8BEC /* HairCareTests.xctest */;
			productType = "com.apple.product-type.bundle.unit-test";
		};
		03F345B328513233001D8BEC /* HairCareUITests */ = {
			isa = PBXNativeTarget;
			buildConfigurationList = 03F345C428513233001D8BEC /* Build configuration list for PBXNativeTarget "HairCareUITests" */;
			buildPhases = (
				63C06ECC0D9E19202C9EF759 /* [CP] Check Pods Manifest.lock */,
				03F345B028513233001D8BEC /* Sources */,
				03F345B128513233001D8BEC /* Frameworks */,
				03F345B228513233001D8BEC /* Resources */,
				63654EB3EA59A032E12A6DA0 /* [CP] Embed Pods Frameworks */,
			);
			buildRules = (
			);
			dependencies = (
				03F345B628513233001D8BEC /* PBXTargetDependency */,
			);
			name = HairCareUITests;
			productName = HairCareUITests;
			productReference = 03F345B428513233001D8BEC /* HairCareUITests.xctest */;
			productType = "com.apple.product-type.bundle.ui-testing";
		};
/* End PBXNativeTarget section */

/* Begin PBXProject section */
		03F3459228513230001D8BEC /* Project object */ = {
			isa = PBXProject;
			attributes = {
				BuildIndependentTargetsInParallel = 1;
				LastSwiftUpdateCheck = 1320;
				LastUpgradeCheck = 1610;
				TargetAttributes = {
					03F3459928513230001D8BEC = {
						CreatedOnToolsVersion = 13.2.1;
					};
					03F345A928513233001D8BEC = {
						CreatedOnToolsVersion = 13.2.1;
						TestTargetID = 03F3459928513230001D8BEC;
					};
					03F345B328513233001D8BEC = {
						CreatedOnToolsVersion = 13.2.1;
						TestTargetID = 03F3459928513230001D8BEC;
					};
				};
			};
			buildConfigurationList = 03F3459528513230001D8BEC /* Build configuration list for PBXProject "HairCare" */;
			compatibilityVersion = "Xcode 13.0";
			developmentRegion = en;
			hasScannedForEncodings = 0;
			knownRegions = (
				en,
				Base,
				"pt-BR",
			);
			mainGroup = 03F3459128513230001D8BEC;
			productRefGroup = 03F3459B28513230001D8BEC /* Products */;
			projectDirPath = "";
			projectRoot = "";
			targets = (
				03F3459928513230001D8BEC /* HairCare */,
				03F345A928513233001D8BEC /* HairCareTests */,
				03F345B328513233001D8BEC /* HairCareUITests */,
			);
		};
/* End PBXProject section */

/* Begin PBXResourcesBuildPhase section */
		03F3459828513230001D8BEC /* Resources */ = {
			isa = PBXResourcesBuildPhase;
			buildActionMask = 2147483647;
			files = (
				03F345A528513233001D8BEC /* Preview Assets.xcassets in Resources */,
				03F345A228513233001D8BEC /* Assets.xcassets in Resources */,
				03D4941D2864B26A007D75D9 /* ProductDetail.strings in Resources */,
				0313FE48285A687800415063 /* HomePage.strings in Resources */,
				0313FE3F285A2A0800415063 /* StartPage.strings in Resources */,
				033A05D02943C1FC0087CE54 /* StoreItemCategory.strings in Resources */,
				0333650F2947BA9A000D0FB2 /* productsByCategory.json in Resources */,
			);
			runOnlyForDeploymentPostprocessing = 0;
		};
		03F345A828513233001D8BEC /* Resources */ = {
			isa = PBXResourcesBuildPhase;
			buildActionMask = 2147483647;
			files = (
			);
			runOnlyForDeploymentPostprocessing = 0;
		};
		03F345B228513233001D8BEC /* Resources */ = {
			isa = PBXResourcesBuildPhase;
			buildActionMask = 2147483647;
			files = (
			);
			runOnlyForDeploymentPostprocessing = 0;
		};
/* End PBXResourcesBuildPhase section */

/* Begin PBXShellScriptBuildPhase section */
		0313FE43285A646000415063 /* R.swift Script */ = {
			isa = PBXShellScriptBuildPhase;
			alwaysOutOfDate = 1;
			buildActionMask = 2147483647;
			files = (
			);
			inputFileListPaths = (
			);
			inputPaths = (
			);
			name = "R.swift Script";
			outputFileListPaths = (
			);
			outputPaths = (
				$SRCROOT/R.generated.swift,
			);
			runOnlyForDeploymentPostprocessing = 0;
			shellPath = /bin/sh;
			shellScript = "\"$PODS_ROOT/R.swift/rswift\" generate \"$SRCROOT/HairCare/Resources/R.generated.swift\"\n";
		};
		06A60ADF8F1C1BF184ED056F /* [CP] Check Pods Manifest.lock */ = {
			isa = PBXShellScriptBuildPhase;
			buildActionMask = 2147483647;
			files = (
			);
			inputFileListPaths = (
			);
			inputPaths = (
				"${PODS_PODFILE_DIR_PATH}/Podfile.lock",
				"${PODS_ROOT}/Manifest.lock",
			);
			name = "[CP] Check Pods Manifest.lock";
			outputFileListPaths = (
			);
			outputPaths = (
				"$(DERIVED_FILE_DIR)/Pods-HairCare-checkManifestLockResult.txt",
			);
			runOnlyForDeploymentPostprocessing = 0;
			shellPath = /bin/sh;
			shellScript = "diff \"${PODS_PODFILE_DIR_PATH}/Podfile.lock\" \"${PODS_ROOT}/Manifest.lock\" > /dev/null\nif [ $? != 0 ] ; then\n    # print error to STDERR\n    echo \"error: The sandbox is not in sync with the Podfile.lock. Run 'pod install' or update your CocoaPods installation.\" >&2\n    exit 1\nfi\n# This output is used by Xcode 'outputs' to avoid re-running this script phase.\necho \"SUCCESS\" > \"${SCRIPT_OUTPUT_FILE_0}\"\n";
			showEnvVarsInLog = 0;
		};
		63654EB3EA59A032E12A6DA0 /* [CP] Embed Pods Frameworks */ = {
			isa = PBXShellScriptBuildPhase;
			buildActionMask = 2147483647;
			files = (
			);
			inputFileListPaths = (
				"${PODS_ROOT}/Target Support Files/Pods-HairCare-HairCareUITests/Pods-HairCare-HairCareUITests-frameworks-${CONFIGURATION}-input-files.xcfilelist",
			);
			name = "[CP] Embed Pods Frameworks";
			outputFileListPaths = (
				"${PODS_ROOT}/Target Support Files/Pods-HairCare-HairCareUITests/Pods-HairCare-HairCareUITests-frameworks-${CONFIGURATION}-output-files.xcfilelist",
			);
			runOnlyForDeploymentPostprocessing = 0;
			shellPath = /bin/sh;
			shellScript = "\"${PODS_ROOT}/Target Support Files/Pods-HairCare-HairCareUITests/Pods-HairCare-HairCareUITests-frameworks.sh\"\n";
			showEnvVarsInLog = 0;
		};
		63C06ECC0D9E19202C9EF759 /* [CP] Check Pods Manifest.lock */ = {
			isa = PBXShellScriptBuildPhase;
			buildActionMask = 2147483647;
			files = (
			);
			inputFileListPaths = (
			);
			inputPaths = (
				"${PODS_PODFILE_DIR_PATH}/Podfile.lock",
				"${PODS_ROOT}/Manifest.lock",
			);
			name = "[CP] Check Pods Manifest.lock";
			outputFileListPaths = (
			);
			outputPaths = (
				"$(DERIVED_FILE_DIR)/Pods-HairCare-HairCareUITests-checkManifestLockResult.txt",
			);
			runOnlyForDeploymentPostprocessing = 0;
			shellPath = /bin/sh;
			shellScript = "diff \"${PODS_PODFILE_DIR_PATH}/Podfile.lock\" \"${PODS_ROOT}/Manifest.lock\" > /dev/null\nif [ $? != 0 ] ; then\n    # print error to STDERR\n    echo \"error: The sandbox is not in sync with the Podfile.lock. Run 'pod install' or update your CocoaPods installation.\" >&2\n    exit 1\nfi\n# This output is used by Xcode 'outputs' to avoid re-running this script phase.\necho \"SUCCESS\" > \"${SCRIPT_OUTPUT_FILE_0}\"\n";
			showEnvVarsInLog = 0;
		};
		94A7A34666C90AAD68084BFC /* [CP] Embed Pods Frameworks */ = {
			isa = PBXShellScriptBuildPhase;
			buildActionMask = 2147483647;
			files = (
			);
			inputFileListPaths = (
				"${PODS_ROOT}/Target Support Files/Pods-HairCare/Pods-HairCare-frameworks-${CONFIGURATION}-input-files.xcfilelist",
			);
			name = "[CP] Embed Pods Frameworks";
			outputFileListPaths = (
				"${PODS_ROOT}/Target Support Files/Pods-HairCare/Pods-HairCare-frameworks-${CONFIGURATION}-output-files.xcfilelist",
			);
			runOnlyForDeploymentPostprocessing = 0;
			shellPath = /bin/sh;
			shellScript = "\"${PODS_ROOT}/Target Support Files/Pods-HairCare/Pods-HairCare-frameworks.sh\"\n";
			showEnvVarsInLog = 0;
		};
		97484CE1F4CC896935FD56A0 /* [CP] Check Pods Manifest.lock */ = {
			isa = PBXShellScriptBuildPhase;
			buildActionMask = 2147483647;
			files = (
			);
			inputFileListPaths = (
			);
			inputPaths = (
				"${PODS_PODFILE_DIR_PATH}/Podfile.lock",
				"${PODS_ROOT}/Manifest.lock",
			);
			name = "[CP] Check Pods Manifest.lock";
			outputFileListPaths = (
			);
			outputPaths = (
				"$(DERIVED_FILE_DIR)/Pods-HairCareTests-checkManifestLockResult.txt",
			);
			runOnlyForDeploymentPostprocessing = 0;
			shellPath = /bin/sh;
			shellScript = "diff \"${PODS_PODFILE_DIR_PATH}/Podfile.lock\" \"${PODS_ROOT}/Manifest.lock\" > /dev/null\nif [ $? != 0 ] ; then\n    # print error to STDERR\n    echo \"error: The sandbox is not in sync with the Podfile.lock. Run 'pod install' or update your CocoaPods installation.\" >&2\n    exit 1\nfi\n# This output is used by Xcode 'outputs' to avoid re-running this script phase.\necho \"SUCCESS\" > \"${SCRIPT_OUTPUT_FILE_0}\"\n";
			showEnvVarsInLog = 0;
		};
/* End PBXShellScriptBuildPhase section */

/* Begin PBXSourcesBuildPhase section */
		03F3459628513230001D8BEC /* Sources */ = {
			isa = PBXSourcesBuildPhase;
			buildActionMask = 2147483647;
			files = (
				033EF11A28736A3F0080F4BE /* ProductsApiService.swift in Sources */,
				03D4941A2864B23B007D75D9 /* ProductDetailIngredientsView.swift in Sources */,
				038A7DC0294CFFB8000D4910 /* UseCase.swift in Sources */,
				0313FE4C285A7E6200415063 /* HomePageTabItem.swift in Sources */,
				0396D8E1286E1FBD00BB9B2A /* UnitStepperView.swift in Sources */,
				038A7DC2294D07C8000D4910 /* ApiService.swift in Sources */,
				032EF0CB289425FB00971BC3 /* Pack.swift in Sources */,
				0396D8E6286E36C100BB9B2A /* CartService.swift in Sources */,
				0313C01028A6F2A400076DD4 /* ViewModel.swift in Sources */,
				03F6A7DC2858BACD00172D91 /* ProfileImageView.swift in Sources */,
				031CE0EC286CEFE400B4B74D /* RoundedCornersShape.swift in Sources */,
				03B8E5C028B00736000B51A8 /* HomeRepositoryProtocol.swift in Sources */,
				032EF0CD2894266F00971BC3 /* Price.swift in Sources */,
				0365888228528928009E10BC /* OutlinedButtonStyle.swift in Sources */,
				033365092947A001000D0FB2 /* ApiRequest.swift in Sources */,
				0380AB2A2860B080003C6FBD /* HomePagePacksByCategoryView.swift in Sources */,
				036BEA03285E07EF004A90B6 /* FooterView.swift in Sources */,
				03F3459E28513230001D8BEC /* HairCareApp.swift in Sources */,
				03C1FA162899B8E4007980EE /* HomeRepository.swift in Sources */,
				03E7E74B2D15E223003FA0DD /* AppNavigationStack.swift in Sources */,
				0396D8E8286E390900BB9B2A /* CartItem.swift in Sources */,
				036BE9FE285DFD58004A90B6 /* CircularBorderedProminentButtonStyle.swift in Sources */,
				03359D2628662AB100A7621F /* ProductDetailReadMoreView.swift in Sources */,
				0380AB2C28625F53003C6FBD /* PackCardView.swift in Sources */,
				033FF23728B446EE00FF620A /* WithViewModel.swift in Sources */,
				03C45F08293A3D4600B341A5 /* StartViewModel.swift in Sources */,
				03F345C928513B51001D8BEC /* StartPage.swift in Sources */,
				03479D2829490539009B13B1 /* ApiProductsMockUrlProtocol.swift in Sources */,
				03F6A7DE2858D73E00172D91 /* HomePageTabView.swift in Sources */,
				03359D2A286634F700A7621F /* PriceText.swift in Sources */,
				03359D2C28664ABF00A7621F /* FixedBottomSheetView.swift in Sources */,
				03BB7FD0294A444100A46189 /* ApiRequestResponse.swift in Sources */,
				03C1FA1028981A43007980EE /* HomeViewModel.swift in Sources */,
				0380AB312863A2AB003C6FBD /* CategoryProductNameView.swift in Sources */,
				03359D28286632E900A7621F /* ProductDetailFooterView.swift in Sources */,
				03607A902938D46D0019EF5B /* Coordinator.swift in Sources */,
				03607A942938D5F90019EF5B /* AppCoordinator.swift in Sources */,
				032EF0CF2894276A00971BC3 /* StoreItem.swift in Sources */,
				033FF23128B4458400FF620A /* ProductDetailViewModel.swift in Sources */,
				03C45F06293A3CC000B341A5 /* StartViewModelProtocol.swift in Sources */,
				03C1FA1328984E36007980EE /* ExecutionStatus.swift in Sources */,
				03F345D028523290001D8BEC /* BigLogoView.swift in Sources */,
				0313C01A28A6FB8700076DD4 /* ExecutionInProgressView.swift in Sources */,
				033A05D82943D1190087CE54 /* HomePageListView.swift in Sources */,
				033A05C82943C1290087CE54 /* StoreItemCategory+Extensions.swift in Sources */,
				03E7E7412D13191D003FA0DD /* ProductDetailBuilder.swift in Sources */,
				033365112947BB1E000D0FB2 /* ApiMockLoader.swift in Sources */,
				03F345CE285231F1001D8BEC /* StartPageBackgroundView.swift in Sources */,
				03359D1E2865E5C400A7621F /* IngredientCardView.swift in Sources */,
				038A7DC4294D07DA000D4910 /* Repository.swift in Sources */,
				0333650529479683000D0FB2 /* EnvVariables.swift in Sources */,
				03E7E73E2D131868003FA0DD /* StartPageBuilder.swift in Sources */,
				03B8E5C328B008F4000B51A8 /* HomeUseCase.swift in Sources */,
				0380AB2F28639D4A003C6FBD /* ProductDetailPage.swift in Sources */,
				036BEA01285E0786004A90B6 /* InfoView.swift in Sources */,
				0313C01228A6F2F200076DD4 /* HomeViewModelProtocol.swift in Sources */,
				0313FE45285A667200415063 /* R.generated.swift in Sources */,
				032097AD285D23520076A601 /* HomePageProductsByCategoryView.swift in Sources */,
				033FF23328B4459200FF620A /* ProductDetailViewModelProtocol.swift in Sources */,
				035F42C62D170A3E00F4A7C4 /* View+Coordinator.swift in Sources */,
				03359D2428660A3500A7621F /* ProductDetailDescriptionView.swift in Sources */,
				03479D2A29490B48009B13B1 /* ApiCallMock.swift in Sources */,
				03CF2EE7285F65850017E74B /* CardView.swift in Sources */,
				03C1FA182899B915007980EE /* PacksApiServiceProtocol.swift in Sources */,
				033EF11C28736A4C0080F4BE /* ProductsApiServiceProtocol.swift in Sources */,
				036588882853D8C0009E10BC /* HomePage.swift in Sources */,
				03E7E7442D1319CF003FA0DD /* HomeBuilder.swift in Sources */,
				032097B0285D23D60076A601 /* ProductCardView.swift in Sources */,
				03BB7FD2294A5B6700A46189 /* ApiRequest+Extensions.swift in Sources */,
				036BEA05285E08A4004A90B6 /* Color+Extensions.swift in Sources */,
				0313C01628A6FA9C00076DD4 /* ExecutionResultView.swift in Sources */,
				033FF23B28B7ABE900FF620A /* HomeUseCaseProtocol.swift in Sources */,
				036588852853D7E0009E10BC /* StartPageBottomView.swift in Sources */,
				0333650C2947AA4D000D0FB2 /* ProductsEndpoints.swift in Sources */,
				0396D8E3286E32E300BB9B2A /* LargeButton.swift in Sources */,
				03359D222865F9EE00A7621F /* UIColor+Extensions.swift in Sources */,
				03C1FA1A2899B935007980EE /* PacksApiService.swift in Sources */,
				036BE9F9285DF67D004A90B6 /* Product.swift in Sources */,
			);
			runOnlyForDeploymentPostprocessing = 0;
		};
		03F345A628513233001D8BEC /* Sources */ = {
			isa = PBXSourcesBuildPhase;
			buildActionMask = 2147483647;
			files = (
				03F345AF28513233001D8BEC /* HairCareTests.swift in Sources */,
			);
			runOnlyForDeploymentPostprocessing = 0;
		};
		03F345B028513233001D8BEC /* Sources */ = {
			isa = PBXSourcesBuildPhase;
			buildActionMask = 2147483647;
			files = (
				03F345BB28513233001D8BEC /* HairCareUITestsLaunchTests.swift in Sources */,
				03F345B928513233001D8BEC /* HairCareUITests.swift in Sources */,
			);
			runOnlyForDeploymentPostprocessing = 0;
		};
/* End PBXSourcesBuildPhase section */

/* Begin PBXTargetDependency section */
		03F345AC28513233001D8BEC /* PBXTargetDependency */ = {
			isa = PBXTargetDependency;
			target = 03F3459928513230001D8BEC /* HairCare */;
			targetProxy = 03F345AB28513233001D8BEC /* PBXContainerItemProxy */;
		};
		03F345B628513233001D8BEC /* PBXTargetDependency */ = {
			isa = PBXTargetDependency;
			target = 03F3459928513230001D8BEC /* HairCare */;
			targetProxy = 03F345B528513233001D8BEC /* PBXContainerItemProxy */;
		};
/* End PBXTargetDependency section */

/* Begin PBXVariantGroup section */
		0313FE41285A2A0800415063 /* StartPage.strings */ = {
			isa = PBXVariantGroup;
			children = (
				0313FE40285A2A0800415063 /* pt-BR */,
				0313FE42285A2A0F00415063 /* en */,
			);
			name = StartPage.strings;
			sourceTree = "<group>";
		};
		0313FE46285A687800415063 /* HomePage.strings */ = {
			isa = PBXVariantGroup;
			children = (
				0313FE47285A687800415063 /* en */,
				0313FE49285A688000415063 /* pt-BR */,
			);
			name = HomePage.strings;
			sourceTree = "<group>";
		};
		033A05D22943C1FC0087CE54 /* StoreItemCategory.strings */ = {
			isa = PBXVariantGroup;
			children = (
				033A05D12943C1FC0087CE54 /* en */,
				033A05D32943C2090087CE54 /* pt-BR */,
			);
			name = StoreItemCategory.strings;
			sourceTree = "<group>";
		};
		03D4941F2864B26A007D75D9 /* ProductDetail.strings */ = {
			isa = PBXVariantGroup;
			children = (
				03D4941E2864B26A007D75D9 /* en */,
				03D494202864B26B007D75D9 /* pt-BR */,
			);
			name = ProductDetail.strings;
			sourceTree = "<group>";
		};
/* End PBXVariantGroup section */

/* Begin XCBuildConfiguration section */
		03F345BC28513233001D8BEC /* Debug */ = {
			isa = XCBuildConfiguration;
			buildSettings = {
				ALWAYS_SEARCH_USER_PATHS = NO;
				BASE_URL = "https://dev.haircare.com/joselucas/api/";
				CLANG_ANALYZER_LOCALIZABILITY_NONLOCALIZED = YES;
				CLANG_ANALYZER_NONNULL = YES;
				CLANG_ANALYZER_NUMBER_OBJECT_CONVERSION = YES_AGGRESSIVE;
				CLANG_CXX_LANGUAGE_STANDARD = "gnu++17";
				CLANG_CXX_LIBRARY = "libc++";
				CLANG_ENABLE_MODULES = YES;
				CLANG_ENABLE_OBJC_ARC = YES;
				CLANG_ENABLE_OBJC_WEAK = YES;
				CLANG_WARN_BLOCK_CAPTURE_AUTORELEASING = YES;
				CLANG_WARN_BOOL_CONVERSION = YES;
				CLANG_WARN_COMMA = YES;
				CLANG_WARN_CONSTANT_CONVERSION = YES;
				CLANG_WARN_DEPRECATED_OBJC_IMPLEMENTATIONS = YES;
				CLANG_WARN_DIRECT_OBJC_ISA_USAGE = YES_ERROR;
				CLANG_WARN_DOCUMENTATION_COMMENTS = YES;
				CLANG_WARN_EMPTY_BODY = YES;
				CLANG_WARN_ENUM_CONVERSION = YES;
				CLANG_WARN_INFINITE_RECURSION = YES;
				CLANG_WARN_INT_CONVERSION = YES;
				CLANG_WARN_NON_LITERAL_NULL_CONVERSION = YES;
				CLANG_WARN_OBJC_IMPLICIT_RETAIN_SELF = YES;
				CLANG_WARN_OBJC_LITERAL_CONVERSION = YES;
				CLANG_WARN_OBJC_ROOT_CLASS = YES_ERROR;
				CLANG_WARN_QUOTED_INCLUDE_IN_FRAMEWORK_HEADER = YES;
				CLANG_WARN_RANGE_LOOP_ANALYSIS = YES;
				CLANG_WARN_STRICT_PROTOTYPES = YES;
				CLANG_WARN_SUSPICIOUS_MOVE = YES;
				CLANG_WARN_UNGUARDED_AVAILABILITY = YES_AGGRESSIVE;
				CLANG_WARN_UNREACHABLE_CODE = YES;
				CLANG_WARN__DUPLICATE_METHOD_MATCH = YES;
				COPY_PHASE_STRIP = NO;
				DEBUG_INFORMATION_FORMAT = dwarf;
				ENABLE_STRICT_OBJC_MSGSEND = YES;
				ENABLE_TESTABILITY = YES;
				ENABLE_USER_SCRIPT_SANDBOXING = NO;
				GCC_C_LANGUAGE_STANDARD = gnu11;
				GCC_DYNAMIC_NO_PIC = NO;
				GCC_NO_COMMON_BLOCKS = YES;
				GCC_OPTIMIZATION_LEVEL = 0;
				GCC_PREPROCESSOR_DEFINITIONS = (
					"DEBUG=1",
					"$(inherited)",
				);
				GCC_WARN_64_TO_32_BIT_CONVERSION = YES;
				GCC_WARN_ABOUT_RETURN_TYPE = YES_ERROR;
				GCC_WARN_UNDECLARED_SELECTOR = YES;
				GCC_WARN_UNINITIALIZED_AUTOS = YES_AGGRESSIVE;
				GCC_WARN_UNUSED_FUNCTION = YES;
				GCC_WARN_UNUSED_VARIABLE = YES;
				IPHONEOS_DEPLOYMENT_TARGET = 16.0;
				MTL_ENABLE_DEBUG_INFO = INCLUDE_SOURCE;
				MTL_FAST_MATH = YES;
				ONLY_ACTIVE_ARCH = YES;
				SDKROOT = iphoneos;
				SWIFT_ACTIVE_COMPILATION_CONDITIONS = DEBUG;
				SWIFT_OPTIMIZATION_LEVEL = "-Onone";
			};
			name = Debug;
		};
		03F345BD28513233001D8BEC /* Release */ = {
			isa = XCBuildConfiguration;
			buildSettings = {
				ALWAYS_SEARCH_USER_PATHS = NO;
				BASE_URL = "https://haircare.com/joselucas/api/";
				CLANG_ANALYZER_LOCALIZABILITY_NONLOCALIZED = YES;
				CLANG_ANALYZER_NONNULL = YES;
				CLANG_ANALYZER_NUMBER_OBJECT_CONVERSION = YES_AGGRESSIVE;
				CLANG_CXX_LANGUAGE_STANDARD = "gnu++17";
				CLANG_CXX_LIBRARY = "libc++";
				CLANG_ENABLE_MODULES = YES;
				CLANG_ENABLE_OBJC_ARC = YES;
				CLANG_ENABLE_OBJC_WEAK = YES;
				CLANG_WARN_BLOCK_CAPTURE_AUTORELEASING = YES;
				CLANG_WARN_BOOL_CONVERSION = YES;
				CLANG_WARN_COMMA = YES;
				CLANG_WARN_CONSTANT_CONVERSION = YES;
				CLANG_WARN_DEPRECATED_OBJC_IMPLEMENTATIONS = YES;
				CLANG_WARN_DIRECT_OBJC_ISA_USAGE = YES_ERROR;
				CLANG_WARN_DOCUMENTATION_COMMENTS = YES;
				CLANG_WARN_EMPTY_BODY = YES;
				CLANG_WARN_ENUM_CONVERSION = YES;
				CLANG_WARN_INFINITE_RECURSION = YES;
				CLANG_WARN_INT_CONVERSION = YES;
				CLANG_WARN_NON_LITERAL_NULL_CONVERSION = YES;
				CLANG_WARN_OBJC_IMPLICIT_RETAIN_SELF = YES;
				CLANG_WARN_OBJC_LITERAL_CONVERSION = YES;
				CLANG_WARN_OBJC_ROOT_CLASS = YES_ERROR;
				CLANG_WARN_QUOTED_INCLUDE_IN_FRAMEWORK_HEADER = YES;
				CLANG_WARN_RANGE_LOOP_ANALYSIS = YES;
				CLANG_WARN_STRICT_PROTOTYPES = YES;
				CLANG_WARN_SUSPICIOUS_MOVE = YES;
				CLANG_WARN_UNGUARDED_AVAILABILITY = YES_AGGRESSIVE;
				CLANG_WARN_UNREACHABLE_CODE = YES;
				CLANG_WARN__DUPLICATE_METHOD_MATCH = YES;
				COPY_PHASE_STRIP = NO;
				DEBUG_INFORMATION_FORMAT = "dwarf-with-dsym";
				ENABLE_NS_ASSERTIONS = NO;
				ENABLE_STRICT_OBJC_MSGSEND = YES;
				ENABLE_USER_SCRIPT_SANDBOXING = NO;
				GCC_C_LANGUAGE_STANDARD = gnu11;
				GCC_NO_COMMON_BLOCKS = YES;
				GCC_WARN_64_TO_32_BIT_CONVERSION = YES;
				GCC_WARN_ABOUT_RETURN_TYPE = YES_ERROR;
				GCC_WARN_UNDECLARED_SELECTOR = YES;
				GCC_WARN_UNINITIALIZED_AUTOS = YES_AGGRESSIVE;
				GCC_WARN_UNUSED_FUNCTION = YES;
				GCC_WARN_UNUSED_VARIABLE = YES;
				IPHONEOS_DEPLOYMENT_TARGET = 16.0;
				MTL_ENABLE_DEBUG_INFO = NO;
				MTL_FAST_MATH = YES;
				SDKROOT = iphoneos;
				SWIFT_COMPILATION_MODE = wholemodule;
				SWIFT_OPTIMIZATION_LEVEL = "-O";
				VALIDATE_PRODUCT = YES;
			};
			name = Release;
		};
		03F345BF28513233001D8BEC /* Debug */ = {
			isa = XCBuildConfiguration;
			baseConfigurationReference = 20D29195B6943D210D94E1E8 /* Pods-HairCare.debug.xcconfig */;
			buildSettings = {
				ASSETCATALOG_COMPILER_APPICON_NAME = AppIcon;
				ASSETCATALOG_COMPILER_GLOBAL_ACCENT_COLOR_NAME = AccentColor;
				BASE_URL = "https://dev.haircare.joselucas.com/api/";
				CODE_SIGN_STYLE = Automatic;
				CURRENT_PROJECT_VERSION = 1;
				DEVELOPMENT_ASSET_PATHS = "\"HairCare/Preview Content\"";
				DEVELOPMENT_TEAM = T6C28BT29G;
				DISPLAY_NAME = "Dev HairCare";
				ENABLE_PREVIEWS = YES;
				GENERATE_INFOPLIST_FILE = YES;
				INFOPLIST_FILE = HairCare/Info.plist;
				INFOPLIST_KEY_CFBundleDisplayName = "$(DISPLAY_NAME)";
				INFOPLIST_KEY_UIApplicationSceneManifest_Generation = YES;
				INFOPLIST_KEY_UIApplicationSupportsIndirectInputEvents = YES;
				INFOPLIST_KEY_UILaunchScreen_Generation = YES;
				INFOPLIST_KEY_UISupportedInterfaceOrientations_iPad = "UIInterfaceOrientationPortrait UIInterfaceOrientationPortraitUpsideDown UIInterfaceOrientationLandscapeLeft UIInterfaceOrientationLandscapeRight";
				INFOPLIST_KEY_UISupportedInterfaceOrientations_iPhone = "UIInterfaceOrientationPortrait UIInterfaceOrientationLandscapeLeft UIInterfaceOrientationLandscapeRight";
				LD_RUNPATH_SEARCH_PATHS = (
					"$(inherited)",
					"@executable_path/Frameworks",
				);
				MARKETING_VERSION = 1.0;
				PRODUCT_BUNDLE_IDENTIFIER = br.com.joselucas.HairCare;
				PRODUCT_NAME = "$(TARGET_NAME)";
				SWIFT_EMIT_LOC_STRINGS = YES;
				SWIFT_STRICT_CONCURRENCY = complete;
				SWIFT_VERSION = 5.0;
				TARGETED_DEVICE_FAMILY = "1,2";
			};
			name = Debug;
		};
		03F345C028513233001D8BEC /* Release */ = {
			isa = XCBuildConfiguration;
			baseConfigurationReference = C9C26BDF062E5C3F0457B285 /* Pods-HairCare.release.xcconfig */;
			buildSettings = {
				ASSETCATALOG_COMPILER_APPICON_NAME = AppIcon;
				ASSETCATALOG_COMPILER_GLOBAL_ACCENT_COLOR_NAME = AccentColor;
				BASE_URL = "https://haircare.joselucas.com/api/";
				CODE_SIGN_STYLE = Automatic;
				CURRENT_PROJECT_VERSION = 1;
				DEVELOPMENT_ASSET_PATHS = "\"HairCare/Preview Content\"";
				DEVELOPMENT_TEAM = T6C28BT29G;
				DISPLAY_NAME = HairCare;
				ENABLE_PREVIEWS = YES;
				GENERATE_INFOPLIST_FILE = YES;
				INFOPLIST_FILE = HairCare/Info.plist;
				INFOPLIST_KEY_CFBundleDisplayName = "$(DISPLAY_NAME)";
				INFOPLIST_KEY_UIApplicationSceneManifest_Generation = YES;
				INFOPLIST_KEY_UIApplicationSupportsIndirectInputEvents = YES;
				INFOPLIST_KEY_UILaunchScreen_Generation = YES;
				INFOPLIST_KEY_UISupportedInterfaceOrientations_iPad = "UIInterfaceOrientationPortrait UIInterfaceOrientationPortraitUpsideDown UIInterfaceOrientationLandscapeLeft UIInterfaceOrientationLandscapeRight";
				INFOPLIST_KEY_UISupportedInterfaceOrientations_iPhone = "UIInterfaceOrientationPortrait UIInterfaceOrientationLandscapeLeft UIInterfaceOrientationLandscapeRight";
				LD_RUNPATH_SEARCH_PATHS = (
					"$(inherited)",
					"@executable_path/Frameworks",
				);
				MARKETING_VERSION = 1.0;
				PRODUCT_BUNDLE_IDENTIFIER = br.com.joselucas.HairCare;
				PRODUCT_NAME = "$(TARGET_NAME)";
				SWIFT_EMIT_LOC_STRINGS = YES;
				SWIFT_STRICT_CONCURRENCY = complete;
				SWIFT_VERSION = 5.0;
				TARGETED_DEVICE_FAMILY = "1,2";
			};
			name = Release;
		};
		03F345C228513233001D8BEC /* Debug */ = {
			isa = XCBuildConfiguration;
			baseConfigurationReference = F92BD4E81D69A2AC0C031083 /* Pods-HairCareTests.debug.xcconfig */;
			buildSettings = {
				BUNDLE_LOADER = "$(TEST_HOST)";
				CODE_SIGN_STYLE = Automatic;
				CURRENT_PROJECT_VERSION = 1;
				DEVELOPMENT_TEAM = T6C28BT29G;
				GENERATE_INFOPLIST_FILE = YES;
				IPHONEOS_DEPLOYMENT_TARGET = 16.0;
				MARKETING_VERSION = 1.0;
				PRODUCT_BUNDLE_IDENTIFIER = br.com.joselucas.HairCareTests;
				PRODUCT_NAME = "$(TARGET_NAME)";
				SWIFT_EMIT_LOC_STRINGS = NO;
				SWIFT_VERSION = 5.0;
				TARGETED_DEVICE_FAMILY = "1,2";
				TEST_HOST = "$(BUILT_PRODUCTS_DIR)/HairCare.app/HairCare";
			};
			name = Debug;
		};
		03F345C328513233001D8BEC /* Release */ = {
			isa = XCBuildConfiguration;
			baseConfigurationReference = DE7A405412C3E5CE01C4343C /* Pods-HairCareTests.release.xcconfig */;
			buildSettings = {
				BUNDLE_LOADER = "$(TEST_HOST)";
				CODE_SIGN_STYLE = Automatic;
				CURRENT_PROJECT_VERSION = 1;
				DEVELOPMENT_TEAM = T6C28BT29G;
				GENERATE_INFOPLIST_FILE = YES;
				IPHONEOS_DEPLOYMENT_TARGET = 16.0;
				MARKETING_VERSION = 1.0;
				PRODUCT_BUNDLE_IDENTIFIER = br.com.joselucas.HairCareTests;
				PRODUCT_NAME = "$(TARGET_NAME)";
				SWIFT_EMIT_LOC_STRINGS = NO;
				SWIFT_VERSION = 5.0;
				TARGETED_DEVICE_FAMILY = "1,2";
				TEST_HOST = "$(BUILT_PRODUCTS_DIR)/HairCare.app/HairCare";
			};
			name = Release;
		};
		03F345C528513233001D8BEC /* Debug */ = {
			isa = XCBuildConfiguration;
			baseConfigurationReference = 92BA9C20E530AD2EDBE0C354 /* Pods-HairCare-HairCareUITests.debug.xcconfig */;
			buildSettings = {
				CODE_SIGN_STYLE = Automatic;
				CURRENT_PROJECT_VERSION = 1;
				DEVELOPMENT_TEAM = T6C28BT29G;
				GENERATE_INFOPLIST_FILE = YES;
				MARKETING_VERSION = 1.0;
				PRODUCT_BUNDLE_IDENTIFIER = br.com.joselucas.HairCareUITests;
				PRODUCT_NAME = "$(TARGET_NAME)";
				SWIFT_EMIT_LOC_STRINGS = NO;
				SWIFT_VERSION = 5.0;
				TARGETED_DEVICE_FAMILY = "1,2";
				TEST_TARGET_NAME = HairCare;
			};
			name = Debug;
		};
		03F345C628513233001D8BEC /* Release */ = {
			isa = XCBuildConfiguration;
			baseConfigurationReference = 71D8D05366A389135BED6230 /* Pods-HairCare-HairCareUITests.release.xcconfig */;
			buildSettings = {
				CODE_SIGN_STYLE = Automatic;
				CURRENT_PROJECT_VERSION = 1;
				DEVELOPMENT_TEAM = T6C28BT29G;
				GENERATE_INFOPLIST_FILE = YES;
				MARKETING_VERSION = 1.0;
				PRODUCT_BUNDLE_IDENTIFIER = br.com.joselucas.HairCareUITests;
				PRODUCT_NAME = "$(TARGET_NAME)";
				SWIFT_EMIT_LOC_STRINGS = NO;
				SWIFT_VERSION = 5.0;
				TARGETED_DEVICE_FAMILY = "1,2";
				TEST_TARGET_NAME = HairCare;
			};
			name = Release;
		};
/* End XCBuildConfiguration section */

/* Begin XCConfigurationList section */
		03F3459528513230001D8BEC /* Build configuration list for PBXProject "HairCare" */ = {
			isa = XCConfigurationList;
			buildConfigurations = (
				03F345BC28513233001D8BEC /* Debug */,
				03F345BD28513233001D8BEC /* Release */,
			);
			defaultConfigurationIsVisible = 0;
			defaultConfigurationName = Release;
		};
		03F345BE28513233001D8BEC /* Build configuration list for PBXNativeTarget "HairCare" */ = {
			isa = XCConfigurationList;
			buildConfigurations = (
				03F345BF28513233001D8BEC /* Debug */,
				03F345C028513233001D8BEC /* Release */,
			);
			defaultConfigurationIsVisible = 0;
			defaultConfigurationName = Release;
		};
		03F345C128513233001D8BEC /* Build configuration list for PBXNativeTarget "HairCareTests" */ = {
			isa = XCConfigurationList;
			buildConfigurations = (
				03F345C228513233001D8BEC /* Debug */,
				03F345C328513233001D8BEC /* Release */,
			);
			defaultConfigurationIsVisible = 0;
			defaultConfigurationName = Release;
		};
		03F345C428513233001D8BEC /* Build configuration list for PBXNativeTarget "HairCareUITests" */ = {
			isa = XCConfigurationList;
			buildConfigurations = (
				03F345C528513233001D8BEC /* Debug */,
				03F345C628513233001D8BEC /* Release */,
			);
			defaultConfigurationIsVisible = 0;
			defaultConfigurationName = Release;
		};
/* End XCConfigurationList section */
	};
	rootObject = 03F3459228513230001D8BEC /* Project object */;
}
